// !$*UTF8*$!
{
	archiveVersion = 1;
	classes = {
	};
	objectVersion = 56;
	objects = {

/* Begin PBXBuildFile section */
		423216FD2A8BED3300B7A7F0 /* BannerCardView.swift in Sources */ = {isa = PBXBuildFile; fileRef = 423216FC2A8BED3300B7A7F0 /* BannerCardView.swift */; };
		4237B37D2A8AC17900C214AE /* ProductDetailView.swift in Sources */ = {isa = PBXBuildFile; fileRef = 4237B37C2A8AC17900C214AE /* ProductDetailView.swift */; };
		4237B3802A8AC5AD00C214AE /* TypeTagView.swift in Sources */ = {isa = PBXBuildFile; fileRef = 4237B37F2A8AC5AD00C214AE /* TypeTagView.swift */; };
		4271EC842A88719C00E2C85B /* ProductList.json in Resources */ = {isa = PBXBuildFile; fileRef = 4271EC832A88719C00E2C85B /* ProductList.json */; };
		4271EC882A8871BE00E2C85B /* Bundle+Decode.swift in Sources */ = {isa = PBXBuildFile; fileRef = 4271EC852A8871BE00E2C85B /* Bundle+Decode.swift */; };
		4271EC892A8871BE00E2C85B /* Color-Theme.swift in Sources */ = {isa = PBXBuildFile; fileRef = 4271EC862A8871BE00E2C85B /* Color-Theme.swift */; };
		4271EC8E2A8871EE00E2C85B /* Product.swift in Sources */ = {isa = PBXBuildFile; fileRef = 4271EC8C2A8871EE00E2C85B /* Product.swift */; };
		4271EC902A88729C00E2C85B /* SalesView.swift in Sources */ = {isa = PBXBuildFile; fileRef = 4271EC8F2A88729C00E2C85B /* SalesView.swift */; };
		4271EC922A88753900E2C85B /* ProductView.swift in Sources */ = {isa = PBXBuildFile; fileRef = 4271EC912A88753900E2C85B /* ProductView.swift */; };
		42994BF12A9D4B39007248F0 /* MockCartView.swift in Sources */ = {isa = PBXBuildFile; fileRef = 42994BF02A9D4B39007248F0 /* MockCartView.swift */; };
		42F49D662A91CF12002C3C35 /* CartListView.swift in Sources */ = {isa = PBXBuildFile; fileRef = 42F49D652A91CF12002C3C35 /* CartListView.swift */; };
		42F49D682A91D38F002C3C35 /* CartViewModel.swift in Sources */ = {isa = PBXBuildFile; fileRef = 42F49D672A91D38F002C3C35 /* CartViewModel.swift */; };
		AE2B3B792A871EAE00889805 /* ShopHubApp.swift in Sources */ = {isa = PBXBuildFile; fileRef = AE2B3B782A871EAE00889805 /* ShopHubApp.swift */; };
		AE2B3B7B2A871EAE00889805 /* ContentView.swift in Sources */ = {isa = PBXBuildFile; fileRef = AE2B3B7A2A871EAE00889805 /* ContentView.swift */; };
		AE2B3B7D2A871EAF00889805 /* Assets.xcassets in Resources */ = {isa = PBXBuildFile; fileRef = AE2B3B7C2A871EAF00889805 /* Assets.xcassets */; };
		AE2B3B802A871EAF00889805 /* Preview Assets.xcassets in Resources */ = {isa = PBXBuildFile; fileRef = AE2B3B7F2A871EAF00889805 /* Preview Assets.xcassets */; };
		AE3600672A9C467700E70E53 /* CartSubmissionView.swift in Sources */ = {isa = PBXBuildFile; fileRef = AE3600662A9C467700E70E53 /* CartSubmissionView.swift */; };
		AEAC80172A9AFEDA0074F0CC /* Cartable.swift in Sources */ = {isa = PBXBuildFile; fileRef = AEAC80162A9AFEDA0074F0CC /* Cartable.swift */; };
		AEAC801A2A9C1DBA0074F0CC /* CartTranscationView.swift in Sources */ = {isa = PBXBuildFile; fileRef = AEAC80192A9C1DBA0074F0CC /* CartTranscationView.swift */; };
		AEB27C9F2A874D74009E7A80 /* ProductsView.swift in Sources */ = {isa = PBXBuildFile; fileRef = AEB27C9E2A874D74009E7A80 /* ProductsView.swift */; };
		AEB27CA12A874D86009E7A80 /* CartView.swift in Sources */ = {isa = PBXBuildFile; fileRef = AEB27CA02A874D86009E7A80 /* CartView.swift */; };
		AEB27CA32A874D95009E7A80 /* UserView.swift in Sources */ = {isa = PBXBuildFile; fileRef = AEB27CA22A874D95009E7A80 /* UserView.swift */; };
		AEB27CA72A87505B009E7A80 /* MenuTabView.swift in Sources */ = {isa = PBXBuildFile; fileRef = AEB27CA62A87505B009E7A80 /* MenuTabView.swift */; };
		AEB27CAA2A8857E5009E7A80 /* ToolBarStyle.swift in Sources */ = {isa = PBXBuildFile; fileRef = AEB27CA92A8857E5009E7A80 /* ToolBarStyle.swift */; };
		AEBD622F2A99A1E10014C335 /* CartItemView.swift in Sources */ = {isa = PBXBuildFile; fileRef = AEBD622E2A99A1E10014C335 /* CartItemView.swift */; };
		AED85CD52A8B347B00E8B347 /* BannerView.swift in Sources */ = {isa = PBXBuildFile; fileRef = AED85CD42A8B347B00E8B347 /* BannerView.swift */; };
		AEF37BC12A891F710003F44E /* ShopHubViewModel.swift in Sources */ = {isa = PBXBuildFile; fileRef = AEF37BC02A891F710003F44E /* ShopHubViewModel.swift */; };
/* End PBXBuildFile section */

/* Begin PBXFileReference section */
		423216FC2A8BED3300B7A7F0 /* BannerCardView.swift */ = {isa = PBXFileReference; lastKnownFileType = sourcecode.swift; path = BannerCardView.swift; sourceTree = "<group>"; };
		4237B37C2A8AC17900C214AE /* ProductDetailView.swift */ = {isa = PBXFileReference; lastKnownFileType = sourcecode.swift; path = ProductDetailView.swift; sourceTree = "<group>"; };
		4237B37F2A8AC5AD00C214AE /* TypeTagView.swift */ = {isa = PBXFileReference; lastKnownFileType = sourcecode.swift; path = TypeTagView.swift; sourceTree = "<group>"; };
		4271EC832A88719C00E2C85B /* ProductList.json */ = {isa = PBXFileReference; fileEncoding = 4; lastKnownFileType = text.json; path = ProductList.json; sourceTree = "<group>"; };
		4271EC852A8871BE00E2C85B /* Bundle+Decode.swift */ = {isa = PBXFileReference; fileEncoding = 4; lastKnownFileType = sourcecode.swift; path = "Bundle+Decode.swift"; sourceTree = "<group>"; };
		4271EC862A8871BE00E2C85B /* Color-Theme.swift */ = {isa = PBXFileReference; fileEncoding = 4; lastKnownFileType = sourcecode.swift; path = "Color-Theme.swift"; sourceTree = "<group>"; };
		4271EC8C2A8871EE00E2C85B /* Product.swift */ = {isa = PBXFileReference; fileEncoding = 4; lastKnownFileType = sourcecode.swift; path = Product.swift; sourceTree = "<group>"; };
		4271EC8F2A88729C00E2C85B /* SalesView.swift */ = {isa = PBXFileReference; lastKnownFileType = sourcecode.swift; path = SalesView.swift; sourceTree = "<group>"; };
		4271EC912A88753900E2C85B /* ProductView.swift */ = {isa = PBXFileReference; lastKnownFileType = sourcecode.swift; path = ProductView.swift; sourceTree = "<group>"; };
		42994BF02A9D4B39007248F0 /* MockCartView.swift */ = {isa = PBXFileReference; lastKnownFileType = sourcecode.swift; path = MockCartView.swift; sourceTree = "<group>"; };
		42F49D652A91CF12002C3C35 /* CartListView.swift */ = {isa = PBXFileReference; lastKnownFileType = sourcecode.swift; path = CartListView.swift; sourceTree = "<group>"; };
		42F49D672A91D38F002C3C35 /* CartViewModel.swift */ = {isa = PBXFileReference; lastKnownFileType = sourcecode.swift; path = CartViewModel.swift; sourceTree = "<group>"; };
		AE2B3B752A871EAD00889805 /* ShopHub.app */ = {isa = PBXFileReference; explicitFileType = wrapper.application; includeInIndex = 0; path = ShopHub.app; sourceTree = BUILT_PRODUCTS_DIR; };
		AE2B3B782A871EAE00889805 /* ShopHubApp.swift */ = {isa = PBXFileReference; lastKnownFileType = sourcecode.swift; path = ShopHubApp.swift; sourceTree = "<group>"; };
		AE2B3B7A2A871EAE00889805 /* ContentView.swift */ = {isa = PBXFileReference; lastKnownFileType = sourcecode.swift; path = ContentView.swift; sourceTree = "<group>"; };
		AE2B3B7C2A871EAF00889805 /* Assets.xcassets */ = {isa = PBXFileReference; lastKnownFileType = folder.assetcatalog; path = Assets.xcassets; sourceTree = "<group>"; };
		AE2B3B7F2A871EAF00889805 /* Preview Assets.xcassets */ = {isa = PBXFileReference; lastKnownFileType = folder.assetcatalog; path = "Preview Assets.xcassets"; sourceTree = "<group>"; };
		AE3600662A9C467700E70E53 /* CartSubmissionView.swift */ = {isa = PBXFileReference; lastKnownFileType = sourcecode.swift; path = CartSubmissionView.swift; sourceTree = "<group>"; };
		AEAC80162A9AFEDA0074F0CC /* Cartable.swift */ = {isa = PBXFileReference; lastKnownFileType = sourcecode.swift; path = Cartable.swift; sourceTree = "<group>"; };
		AEAC80192A9C1DBA0074F0CC /* CartTranscationView.swift */ = {isa = PBXFileReference; lastKnownFileType = sourcecode.swift; path = CartTranscationView.swift; sourceTree = "<group>"; };
		AEB27C9E2A874D74009E7A80 /* ProductsView.swift */ = {isa = PBXFileReference; lastKnownFileType = sourcecode.swift; path = ProductsView.swift; sourceTree = "<group>"; };
		AEB27CA02A874D86009E7A80 /* CartView.swift */ = {isa = PBXFileReference; lastKnownFileType = sourcecode.swift; path = CartView.swift; sourceTree = "<group>"; };
		AEB27CA22A874D95009E7A80 /* UserView.swift */ = {isa = PBXFileReference; lastKnownFileType = sourcecode.swift; path = UserView.swift; sourceTree = "<group>"; };
		AEB27CA62A87505B009E7A80 /* MenuTabView.swift */ = {isa = PBXFileReference; lastKnownFileType = sourcecode.swift; path = MenuTabView.swift; sourceTree = "<group>"; };
		AEB27CA92A8857E5009E7A80 /* ToolBarStyle.swift */ = {isa = PBXFileReference; lastKnownFileType = sourcecode.swift; path = ToolBarStyle.swift; sourceTree = "<group>"; };
		AEBD622E2A99A1E10014C335 /* CartItemView.swift */ = {isa = PBXFileReference; lastKnownFileType = sourcecode.swift; path = CartItemView.swift; sourceTree = "<group>"; };
		AED85CD42A8B347B00E8B347 /* BannerView.swift */ = {isa = PBXFileReference; lastKnownFileType = sourcecode.swift; path = BannerView.swift; sourceTree = "<group>"; };
		AEF37BC02A891F710003F44E /* ShopHubViewModel.swift */ = {isa = PBXFileReference; lastKnownFileType = sourcecode.swift; path = ShopHubViewModel.swift; sourceTree = "<group>"; };
/* End PBXFileReference section */

/* Begin PBXFrameworksBuildPhase section */
		AE2B3B722A871EAD00889805 /* Frameworks */ = {
			isa = PBXFrameworksBuildPhase;
			buildActionMask = 2147483647;
			files = (
			);
			runOnlyForDeploymentPostprocessing = 0;
		};
/* End PBXFrameworksBuildPhase section */

/* Begin PBXGroup section */
		4269E81E2A944D8E00AB9475 /* ViewModels */ = {
			isa = PBXGroup;
			children = (
				AEF37BC02A891F710003F44E /* ShopHubViewModel.swift */,
				AEAC80152A9AFE760074F0CC /* CartViewModel */,
			);
			path = ViewModels;
			sourceTree = "<group>";
		};
		4271EC822A88717E00E2C85B /* JSON Data */ = {
			isa = PBXGroup;
			children = (
				4271EC832A88719C00E2C85B /* ProductList.json */,
			);
			path = "JSON Data";
			sourceTree = "<group>";
		};
		42994BEF2A9D4AFE007248F0 /* Mock */ = {
			isa = PBXGroup;
			children = (
				42994BF02A9D4B39007248F0 /* MockCartView.swift */,
			);
			path = Mock;
			sourceTree = "<group>";
		};
		AE2B3B6C2A871EAD00889805 = {
			isa = PBXGroup;
			children = (
				AE2B3B772A871EAE00889805 /* ShopHub */,
				AE2B3B762A871EAD00889805 /* Products */,
			);
			sourceTree = "<group>";
		};
		AE2B3B762A871EAD00889805 /* Products */ = {
			isa = PBXGroup;
			children = (
				AE2B3B752A871EAD00889805 /* ShopHub.app */,
			);
			name = Products;
			sourceTree = "<group>";
		};
		AE2B3B772A871EAE00889805 /* ShopHub */ = {
			isa = PBXGroup;
			children = (
				42994BEF2A9D4AFE007248F0 /* Mock */,
				AEB27CAB2A886A02009E7A80 /* Extensions */,
				4271EC822A88717E00E2C85B /* JSON Data */,
				4269E81E2A944D8E00AB9475 /* ViewModels */,
				AEB27CAD2A886A2D009E7A80 /* Models */,
				AEB27C982A874CBB009E7A80 /* User Interface */,
				AE2B3B782A871EAE00889805 /* ShopHubApp.swift */,
				AE2B3B7A2A871EAE00889805 /* ContentView.swift */,
				AE2B3B7C2A871EAF00889805 /* Assets.xcassets */,
				AE2B3B7E2A871EAF00889805 /* Preview Content */,
			);
			path = ShopHub;
			sourceTree = "<group>";
		};
		AE2B3B7E2A871EAF00889805 /* Preview Content */ = {
			isa = PBXGroup;
			children = (
				AE2B3B7F2A871EAF00889805 /* Preview Assets.xcassets */,
			);
			path = "Preview Content";
			sourceTree = "<group>";
		};
		AEAC80132A9AE8F00074F0CC /* Banner */ = {
			isa = PBXGroup;
			children = (
				AED85CD42A8B347B00E8B347 /* BannerView.swift */,
				423216FC2A8BED3300B7A7F0 /* BannerCardView.swift */,
			);
			path = Banner;
			sourceTree = "<group>";
		};
		AEAC80142A9AE91D0074F0CC /* Sale */ = {
			isa = PBXGroup;
			children = (
				4271EC8F2A88729C00E2C85B /* SalesView.swift */,
				4271EC912A88753900E2C85B /* ProductView.swift */,
				4237B37C2A8AC17900C214AE /* ProductDetailView.swift */,
			);
			path = Sale;
			sourceTree = "<group>";
		};
		AEAC80152A9AFE760074F0CC /* CartViewModel */ = {
			isa = PBXGroup;
			children = (
				42F49D672A91D38F002C3C35 /* CartViewModel.swift */,
				AEAC80162A9AFEDA0074F0CC /* Cartable.swift */,
			);
			path = CartViewModel;
			sourceTree = "<group>";
		};
		AEB27C982A874CBB009E7A80 /* User Interface */ = {
			isa = PBXGroup;
			children = (
				AEB27CA52A874F83009E7A80 /* Menu Navigation */,
				AEB27CA42A874F00009E7A80 /* Accessory Views */,
				AEB27C992A874CFD009E7A80 /* Page Views */,
			);
			path = "User Interface";
			sourceTree = "<group>";
		};
		AEB27C992A874CFD009E7A80 /* Page Views */ = {
			isa = PBXGroup;
			children = (
				AEB27C9D2A874D22009E7A80 /* User */,
				AEB27C9C2A874D1F009E7A80 /* Cart */,
				AEB27C9B2A874D1A009E7A80 /* Products */,
			);
			path = "Page Views";
			sourceTree = "<group>";
		};
		AEB27C9B2A874D1A009E7A80 /* Products */ = {
			isa = PBXGroup;
			children = (
				AEAC80142A9AE91D0074F0CC /* Sale */,
				AEAC80132A9AE8F00074F0CC /* Banner */,
				AEB27C9E2A874D74009E7A80 /* ProductsView.swift */,
			);
			path = Products;
			sourceTree = "<group>";
		};
		AEB27C9C2A874D1F009E7A80 /* Cart */ = {
			isa = PBXGroup;
			children = (
				AEB27CA02A874D86009E7A80 /* CartView.swift */,
				AEAC80192A9C1DBA0074F0CC /* CartTranscationView.swift */,
				42F49D652A91CF12002C3C35 /* CartListView.swift */,
				AEBD622E2A99A1E10014C335 /* CartItemView.swift */,
			);
			path = Cart;
			sourceTree = "<group>";
		};
		AEB27C9D2A874D22009E7A80 /* User */ = {
			isa = PBXGroup;
			children = (
				AEB27CA22A874D95009E7A80 /* UserView.swift */,
			);
			path = User;
			sourceTree = "<group>";
		};
		AEB27CA42A874F00009E7A80 /* Accessory Views */ = {
			isa = PBXGroup;
			children = (
				AEB27CA82A885795009E7A80 /* ToolbarView */,
				4237B37F2A8AC5AD00C214AE /* TypeTagView.swift */,
				AE3600662A9C467700E70E53 /* CartSubmissionView.swift */,
			);
			path = "Accessory Views";
			sourceTree = "<group>";
		};
		AEB27CA52A874F83009E7A80 /* Menu Navigation */ = {
			isa = PBXGroup;
			children = (
				AEB27CA62A87505B009E7A80 /* MenuTabView.swift */,
			);
			path = "Menu Navigation";
			sourceTree = "<group>";
		};
		AEB27CA82A885795009E7A80 /* ToolbarView */ = {
			isa = PBXGroup;
			children = (
				AEB27CA92A8857E5009E7A80 /* ToolBarStyle.swift */,
			);
			path = ToolbarView;
			sourceTree = "<group>";
		};
		AEB27CAB2A886A02009E7A80 /* Extensions */ = {
			isa = PBXGroup;
			children = (
				AEB27CAC2A886A17009E7A80 /* Swift */,
			);
			path = Extensions;
			sourceTree = "<group>";
		};
		AEB27CAC2A886A17009E7A80 /* Swift */ = {
			isa = PBXGroup;
			children = (
				4271EC852A8871BE00E2C85B /* Bundle+Decode.swift */,
				4271EC862A8871BE00E2C85B /* Color-Theme.swift */,
			);
			path = Swift;
			sourceTree = "<group>";
		};
		AEB27CAD2A886A2D009E7A80 /* Models */ = {
			isa = PBXGroup;
			children = (
				4271EC8C2A8871EE00E2C85B /* Product.swift */,
			);
			path = Models;
			sourceTree = "<group>";
		};
/* End PBXGroup section */

/* Begin PBXNativeTarget section */
		AE2B3B742A871EAD00889805 /* ShopHub */ = {
			isa = PBXNativeTarget;
			buildConfigurationList = AE2B3B832A871EAF00889805 /* Build configuration list for PBXNativeTarget "ShopHub" */;
			buildPhases = (
				AE2B3B712A871EAD00889805 /* Sources */,
				AE2B3B722A871EAD00889805 /* Frameworks */,
				AE2B3B732A871EAD00889805 /* Resources */,
			);
			buildRules = (
			);
			dependencies = (
			);
			name = ShopHub;
			productName = ShopHub;
			productReference = AE2B3B752A871EAD00889805 /* ShopHub.app */;
			productType = "com.apple.product-type.application";
		};
/* End PBXNativeTarget section */

/* Begin PBXProject section */
		AE2B3B6D2A871EAD00889805 /* Project object */ = {
			isa = PBXProject;
			attributes = {
				BuildIndependentTargetsInParallel = 1;
				LastSwiftUpdateCheck = 1500;
				LastUpgradeCheck = 1500;
				TargetAttributes = {
					AE2B3B742A871EAD00889805 = {
						CreatedOnToolsVersion = 15.0;
					};
				};
			};
			buildConfigurationList = AE2B3B702A871EAD00889805 /* Build configuration list for PBXProject "ShopHub" */;
			compatibilityVersion = "Xcode 14.0";
			developmentRegion = en;
			hasScannedForEncodings = 0;
			knownRegions = (
				en,
				Base,
			);
			mainGroup = AE2B3B6C2A871EAD00889805;
			productRefGroup = AE2B3B762A871EAD00889805 /* Products */;
			projectDirPath = "";
			projectRoot = "";
			targets = (
				AE2B3B742A871EAD00889805 /* ShopHub */,
			);
		};
/* End PBXProject section */

/* Begin PBXResourcesBuildPhase section */
		AE2B3B732A871EAD00889805 /* Resources */ = {
			isa = PBXResourcesBuildPhase;
			buildActionMask = 2147483647;
			files = (
				AE2B3B802A871EAF00889805 /* Preview Assets.xcassets in Resources */,
				4271EC842A88719C00E2C85B /* ProductList.json in Resources */,
				AE2B3B7D2A871EAF00889805 /* Assets.xcassets in Resources */,
			);
			runOnlyForDeploymentPostprocessing = 0;
		};
/* End PBXResourcesBuildPhase section */

/* Begin PBXSourcesBuildPhase section */
		AE2B3B712A871EAD00889805 /* Sources */ = {
			isa = PBXSourcesBuildPhase;
			buildActionMask = 2147483647;
			files = (
				42F49D662A91CF12002C3C35 /* CartListView.swift in Sources */,
				AEAC801A2A9C1DBA0074F0CC /* CartTranscationView.swift in Sources */,
				4237B37D2A8AC17900C214AE /* ProductDetailView.swift in Sources */,
				AE2B3B7B2A871EAE00889805 /* ContentView.swift in Sources */,
				42994BF12A9D4B39007248F0 /* MockCartView.swift in Sources */,
				4271EC902A88729C00E2C85B /* SalesView.swift in Sources */,
				AEF37BC12A891F710003F44E /* ShopHubViewModel.swift in Sources */,
				AE3600672A9C467700E70E53 /* CartSubmissionView.swift in Sources */,
				4271EC8E2A8871EE00E2C85B /* Product.swift in Sources */,
				4271EC922A88753900E2C85B /* ProductView.swift in Sources */,
				AE2B3B792A871EAE00889805 /* ShopHubApp.swift in Sources */,
				AEB27CAA2A8857E5009E7A80 /* ToolBarStyle.swift in Sources */,
				4271EC882A8871BE00E2C85B /* Bundle+Decode.swift in Sources */,
				4237B3802A8AC5AD00C214AE /* TypeTagView.swift in Sources */,
				AEB27CA12A874D86009E7A80 /* CartView.swift in Sources */,
				AEB27CA32A874D95009E7A80 /* UserView.swift in Sources */,
				AEAC80172A9AFEDA0074F0CC /* Cartable.swift in Sources */,
				AEB27C9F2A874D74009E7A80 /* ProductsView.swift in Sources */,
				4271EC892A8871BE00E2C85B /* Color-Theme.swift in Sources */,
				42F49D682A91D38F002C3C35 /* CartViewModel.swift in Sources */,
				AED85CD52A8B347B00E8B347 /* BannerView.swift in Sources */,
				AEBD622F2A99A1E10014C335 /* CartItemView.swift in Sources */,
				423216FD2A8BED3300B7A7F0 /* BannerCardView.swift in Sources */,
				AEB27CA72A87505B009E7A80 /* MenuTabView.swift in Sources */,
			);
			runOnlyForDeploymentPostprocessing = 0;
		};
/* End PBXSourcesBuildPhase section */

/* Begin XCBuildConfiguration section */
		AE2B3B812A871EAF00889805 /* Debug */ = {
			isa = XCBuildConfiguration;
			buildSettings = {
				ALWAYS_SEARCH_USER_PATHS = NO;
				ASSETCATALOG_COMPILER_GENERATE_SWIFT_ASSET_SYMBOL_EXTENSIONS = YES;
				CLANG_ANALYZER_NONNULL = YES;
				CLANG_ANALYZER_NUMBER_OBJECT_CONVERSION = YES_AGGRESSIVE;
				CLANG_CXX_LANGUAGE_STANDARD = "gnu++20";
				CLANG_ENABLE_MODULES = YES;
				CLANG_ENABLE_OBJC_ARC = YES;
				CLANG_ENABLE_OBJC_WEAK = YES;
				CLANG_WARN_BLOCK_CAPTURE_AUTORELEASING = YES;
				CLANG_WARN_BOOL_CONVERSION = YES;
				CLANG_WARN_COMMA = YES;
				CLANG_WARN_CONSTANT_CONVERSION = YES;
				CLANG_WARN_DEPRECATED_OBJC_IMPLEMENTATIONS = YES;
				CLANG_WARN_DIRECT_OBJC_ISA_USAGE = YES_ERROR;
				CLANG_WARN_DOCUMENTATION_COMMENTS = YES;
				CLANG_WARN_EMPTY_BODY = YES;
				CLANG_WARN_ENUM_CONVERSION = YES;
				CLANG_WARN_INFINITE_RECURSION = YES;
				CLANG_WARN_INT_CONVERSION = YES;
				CLANG_WARN_NON_LITERAL_NULL_CONVERSION = YES;
				CLANG_WARN_OBJC_IMPLICIT_RETAIN_SELF = YES;
				CLANG_WARN_OBJC_LITERAL_CONVERSION = YES;
				CLANG_WARN_OBJC_ROOT_CLASS = YES_ERROR;
				CLANG_WARN_QUOTED_INCLUDE_IN_FRAMEWORK_HEADER = YES;
				CLANG_WARN_RANGE_LOOP_ANALYSIS = YES;
				CLANG_WARN_STRICT_PROTOTYPES = YES;
				CLANG_WARN_SUSPICIOUS_MOVE = YES;
				CLANG_WARN_UNGUARDED_AVAILABILITY = YES_AGGRESSIVE;
				CLANG_WARN_UNREACHABLE_CODE = YES;
				CLANG_WARN__DUPLICATE_METHOD_MATCH = YES;
				COPY_PHASE_STRIP = NO;
				DEBUG_INFORMATION_FORMAT = dwarf;
				ENABLE_STRICT_OBJC_MSGSEND = YES;
				ENABLE_TESTABILITY = YES;
				ENABLE_USER_SCRIPT_SANDBOXING = YES;
				GCC_C_LANGUAGE_STANDARD = gnu17;
				GCC_DYNAMIC_NO_PIC = NO;
				GCC_NO_COMMON_BLOCKS = YES;
				GCC_OPTIMIZATION_LEVEL = 0;
				GCC_PREPROCESSOR_DEFINITIONS = (
					"DEBUG=1",
					"$(inherited)",
				);
				GCC_WARN_64_TO_32_BIT_CONVERSION = YES;
				GCC_WARN_ABOUT_RETURN_TYPE = YES_ERROR;
				GCC_WARN_UNDECLARED_SELECTOR = YES;
				GCC_WARN_UNINITIALIZED_AUTOS = YES_AGGRESSIVE;
				GCC_WARN_UNUSED_FUNCTION = YES;
				GCC_WARN_UNUSED_VARIABLE = YES;
				IPHONEOS_DEPLOYMENT_TARGET = 17.0;
				LOCALIZATION_PREFERS_STRING_CATALOGS = YES;
				MTL_ENABLE_DEBUG_INFO = INCLUDE_SOURCE;
				MTL_FAST_MATH = YES;
				ONLY_ACTIVE_ARCH = YES;
				SDKROOT = iphoneos;
				SWIFT_ACTIVE_COMPILATION_CONDITIONS = "DEBUG $(inherited)";
				SWIFT_OPTIMIZATION_LEVEL = "-Onone";
			};
			name = Debug;
		};
		AE2B3B822A871EAF00889805 /* Release */ = {
			isa = XCBuildConfiguration;
			buildSettings = {
				ALWAYS_SEARCH_USER_PATHS = NO;
				ASSETCATALOG_COMPILER_GENERATE_SWIFT_ASSET_SYMBOL_EXTENSIONS = YES;
				CLANG_ANALYZER_NONNULL = YES;
				CLANG_ANALYZER_NUMBER_OBJECT_CONVERSION = YES_AGGRESSIVE;
				CLANG_CXX_LANGUAGE_STANDARD = "gnu++20";
				CLANG_ENABLE_MODULES = YES;
				CLANG_ENABLE_OBJC_ARC = YES;
				CLANG_ENABLE_OBJC_WEAK = YES;
				CLANG_WARN_BLOCK_CAPTURE_AUTORELEASING = YES;
				CLANG_WARN_BOOL_CONVERSION = YES;
				CLANG_WARN_COMMA = YES;
				CLANG_WARN_CONSTANT_CONVERSION = YES;
				CLANG_WARN_DEPRECATED_OBJC_IMPLEMENTATIONS = YES;
				CLANG_WARN_DIRECT_OBJC_ISA_USAGE = YES_ERROR;
				CLANG_WARN_DOCUMENTATION_COMMENTS = YES;
				CLANG_WARN_EMPTY_BODY = YES;
				CLANG_WARN_ENUM_CONVERSION = YES;
				CLANG_WARN_INFINITE_RECURSION = YES;
				CLANG_WARN_INT_CONVERSION = YES;
				CLANG_WARN_NON_LITERAL_NULL_CONVERSION = YES;
				CLANG_WARN_OBJC_IMPLICIT_RETAIN_SELF = YES;
				CLANG_WARN_OBJC_LITERAL_CONVERSION = YES;
				CLANG_WARN_OBJC_ROOT_CLASS = YES_ERROR;
				CLANG_WARN_QUOTED_INCLUDE_IN_FRAMEWORK_HEADER = YES;
				CLANG_WARN_RANGE_LOOP_ANALYSIS = YES;
				CLANG_WARN_STRICT_PROTOTYPES = YES;
				CLANG_WARN_SUSPICIOUS_MOVE = YES;
				CLANG_WARN_UNGUARDED_AVAILABILITY = YES_AGGRESSIVE;
				CLANG_WARN_UNREACHABLE_CODE = YES;
				CLANG_WARN__DUPLICATE_METHOD_MATCH = YES;
				COPY_PHASE_STRIP = NO;
				DEBUG_INFORMATION_FORMAT = "dwarf-with-dsym";
				ENABLE_NS_ASSERTIONS = NO;
				ENABLE_STRICT_OBJC_MSGSEND = YES;
				ENABLE_USER_SCRIPT_SANDBOXING = YES;
				GCC_C_LANGUAGE_STANDARD = gnu17;
				GCC_NO_COMMON_BLOCKS = YES;
				GCC_WARN_64_TO_32_BIT_CONVERSION = YES;
				GCC_WARN_ABOUT_RETURN_TYPE = YES_ERROR;
				GCC_WARN_UNDECLARED_SELECTOR = YES;
				GCC_WARN_UNINITIALIZED_AUTOS = YES_AGGRESSIVE;
				GCC_WARN_UNUSED_FUNCTION = YES;
				GCC_WARN_UNUSED_VARIABLE = YES;
				IPHONEOS_DEPLOYMENT_TARGET = 17.0;
				LOCALIZATION_PREFERS_STRING_CATALOGS = YES;
				MTL_ENABLE_DEBUG_INFO = NO;
				MTL_FAST_MATH = YES;
				SDKROOT = iphoneos;
				SWIFT_COMPILATION_MODE = wholemodule;
				VALIDATE_PRODUCT = YES;
			};
			name = Release;
		};
		AE2B3B842A871EAF00889805 /* Debug */ = {
			isa = XCBuildConfiguration;
			buildSettings = {
				ASSETCATALOG_COMPILER_APPICON_NAME = AppIcon;
				ASSETCATALOG_COMPILER_GLOBAL_ACCENT_COLOR_NAME = AccentColor;
				CODE_SIGN_STYLE = Automatic;
				CURRENT_PROJECT_VERSION = 1;
				DEVELOPMENT_ASSET_PATHS = "\"ShopHub/Preview Content\"";
				DEVELOPMENT_TEAM = "";
				ENABLE_PREVIEWS = YES;
				GENERATE_INFOPLIST_FILE = YES;
				INFOPLIST_KEY_UIApplicationSceneManifest_Generation = YES;
				INFOPLIST_KEY_UIApplicationSupportsIndirectInputEvents = YES;
				INFOPLIST_KEY_UILaunchScreen_Generation = YES;
				INFOPLIST_KEY_UISupportedInterfaceOrientations_iPad = "UIInterfaceOrientationPortrait UIInterfaceOrientationPortraitUpsideDown UIInterfaceOrientationLandscapeLeft UIInterfaceOrientationLandscapeRight";
				INFOPLIST_KEY_UISupportedInterfaceOrientations_iPhone = "UIInterfaceOrientationPortrait UIInterfaceOrientationLandscapeLeft UIInterfaceOrientationLandscapeRight";
				IPHONEOS_DEPLOYMENT_TARGET = 17.0;
				LD_RUNPATH_SEARCH_PATHS = (
					"$(inherited)",
					"@executable_path/Frameworks",
				);
				MARKETING_VERSION = 1.0;
				PRODUCT_BUNDLE_IDENTIFIER = algebra2boy.ShopHub;
				PRODUCT_NAME = "$(TARGET_NAME)";
				SWIFT_EMIT_LOC_STRINGS = YES;
				SWIFT_VERSION = 5.0;
				TARGETED_DEVICE_FAMILY = "1,2";
			};
			name = Debug;
		};
		AE2B3B852A871EAF00889805 /* Release */ = {
			isa = XCBuildConfiguration;
			buildSettings = {
				ASSETCATALOG_COMPILER_APPICON_NAME = AppIcon;
				ASSETCATALOG_COMPILER_GLOBAL_ACCENT_COLOR_NAME = AccentColor;
				CODE_SIGN_STYLE = Automatic;
				CURRENT_PROJECT_VERSION = 1;
				DEVELOPMENT_ASSET_PATHS = "\"ShopHub/Preview Content\"";
				DEVELOPMENT_TEAM = "";
				ENABLE_PREVIEWS = YES;
				GENERATE_INFOPLIST_FILE = YES;
				INFOPLIST_KEY_UIApplicationSceneManifest_Generation = YES;
				INFOPLIST_KEY_UIApplicationSupportsIndirectInputEvents = YES;
				INFOPLIST_KEY_UILaunchScreen_Generation = YES;
				INFOPLIST_KEY_UISupportedInterfaceOrientations_iPad = "UIInterfaceOrientationPortrait UIInterfaceOrientationPortraitUpsideDown UIInterfaceOrientationLandscapeLeft UIInterfaceOrientationLandscapeRight";
				INFOPLIST_KEY_UISupportedInterfaceOrientations_iPhone = "UIInterfaceOrientationPortrait UIInterfaceOrientationLandscapeLeft UIInterfaceOrientationLandscapeRight";
				IPHONEOS_DEPLOYMENT_TARGET = 17.0;
				LD_RUNPATH_SEARCH_PATHS = (
					"$(inherited)",
					"@executable_path/Frameworks",
				);
				MARKETING_VERSION = 1.0;
				PRODUCT_BUNDLE_IDENTIFIER = algebra2boy.ShopHub;
				PRODUCT_NAME = "$(TARGET_NAME)";
				SWIFT_EMIT_LOC_STRINGS = YES;
				SWIFT_VERSION = 5.0;
				TARGETED_DEVICE_FAMILY = "1,2";
			};
			name = Release;
		};
/* End XCBuildConfiguration section */

/* Begin XCConfigurationList section */
		AE2B3B702A871EAD00889805 /* Build configuration list for PBXProject "ShopHub" */ = {
			isa = XCConfigurationList;
			buildConfigurations = (
				AE2B3B812A871EAF00889805 /* Debug */,
				AE2B3B822A871EAF00889805 /* Release */,
			);
			defaultConfigurationIsVisible = 0;
			defaultConfigurationName = Release;
		};
		AE2B3B832A871EAF00889805 /* Build configuration list for PBXNativeTarget "ShopHub" */ = {
			isa = XCConfigurationList;
			buildConfigurations = (
				AE2B3B842A871EAF00889805 /* Debug */,
				AE2B3B852A871EAF00889805 /* Release */,
			);
			defaultConfigurationIsVisible = 0;
			defaultConfigurationName = Release;
		};
/* End XCConfigurationList section */
	};
	rootObject = AE2B3B6D2A871EAD00889805 /* Project object */;
}
