// !$*UTF8*$!
{
	archiveVersion = 1;
	classes = {
	};
	objectVersion = 56;
	objects = {

/* Begin PBXBuildFile section */
		420AB8CA2B152FD400631336 /* WidgetKit.framework in Frameworks */ = {isa = PBXBuildFile; fileRef = 420AB8C92B152FD400631336 /* WidgetKit.framework */; };
		420AB8CC2B152FD400631336 /* SwiftUI.framework in Frameworks */ = {isa = PBXBuildFile; fileRef = 420AB8CB2B152FD400631336 /* SwiftUI.framework */; };
		420AB8CF2B152FD400631336 /* ShopHubWidgetBundle.swift in Sources */ = {isa = PBXBuildFile; fileRef = 420AB8CE2B152FD400631336 /* ShopHubWidgetBundle.swift */; };
		420AB8D12B152FD400631336 /* ShopHubWidgetLiveActivity.swift in Sources */ = {isa = PBXBuildFile; fileRef = 420AB8D02B152FD400631336 /* ShopHubWidgetLiveActivity.swift */; };
		420AB8D32B152FD400631336 /* ShopHubWidget.swift in Sources */ = {isa = PBXBuildFile; fileRef = 420AB8D22B152FD400631336 /* ShopHubWidget.swift */; };
		420AB8D52B152FD400631336 /* AppIntent.swift in Sources */ = {isa = PBXBuildFile; fileRef = 420AB8D42B152FD400631336 /* AppIntent.swift */; };
		420AB8D72B152FD500631336 /* Assets.xcassets in Resources */ = {isa = PBXBuildFile; fileRef = 420AB8D62B152FD500631336 /* Assets.xcassets */; };
		420AB8DB2B152FD500631336 /* ShopHubWidgetExtension.appex in Embed Foundation Extensions */ = {isa = PBXBuildFile; fileRef = 420AB8C72B152FD400631336 /* ShopHubWidgetExtension.appex */; settings = {ATTRIBUTES = (RemoveHeadersOnCopy, ); }; };
		423216FD2A8BED3300B7A7F0 /* BannerCardView.swift in Sources */ = {isa = PBXBuildFile; fileRef = 423216FC2A8BED3300B7A7F0 /* BannerCardView.swift */; };
		4237B37D2A8AC17900C214AE /* ProductDetailView.swift in Sources */ = {isa = PBXBuildFile; fileRef = 4237B37C2A8AC17900C214AE /* ProductDetailView.swift */; };
		4237B3802A8AC5AD00C214AE /* TypeTagView.swift in Sources */ = {isa = PBXBuildFile; fileRef = 4237B37F2A8AC5AD00C214AE /* TypeTagView.swift */; };
		425169152B034526008AFD1D /* CustomAsyncImage.swift in Sources */ = {isa = PBXBuildFile; fileRef = 425169142B034525008AFD1D /* CustomAsyncImage.swift */; };
		426048482AC0B1C400C54B0C /* WalletView.swift in Sources */ = {isa = PBXBuildFile; fileRef = 426048472AC0B1C400C54B0C /* WalletView.swift */; };
		4260484A2AC0B26D00C54B0C /* OrderView.swift in Sources */ = {isa = PBXBuildFile; fileRef = 426048492AC0B26D00C54B0C /* OrderView.swift */; };
		4260484C2AC0B2B500C54B0C /* HistoryView.swift in Sources */ = {isa = PBXBuildFile; fileRef = 4260484B2AC0B2B500C54B0C /* HistoryView.swift */; };
		4260484E2AC0B50C00C54B0C /* BookmarkView.swift in Sources */ = {isa = PBXBuildFile; fileRef = 4260484D2AC0B50C00C54B0C /* BookmarkView.swift */; };
		426048502AC0B6FD00C54B0C /* UserComponentsView.swift in Sources */ = {isa = PBXBuildFile; fileRef = 4260484F2AC0B6FD00C54B0C /* UserComponentsView.swift */; };
		4271EC842A88719C00E2C85B /* ProductList.json in Resources */ = {isa = PBXBuildFile; fileRef = 4271EC832A88719C00E2C85B /* ProductList.json */; };
		4271EC882A8871BE00E2C85B /* Bundle+Decode.swift in Sources */ = {isa = PBXBuildFile; fileRef = 4271EC852A8871BE00E2C85B /* Bundle+Decode.swift */; };
		4271EC892A8871BE00E2C85B /* Color-Theme.swift in Sources */ = {isa = PBXBuildFile; fileRef = 4271EC862A8871BE00E2C85B /* Color-Theme.swift */; };
		4271EC8E2A8871EE00E2C85B /* Product.swift in Sources */ = {isa = PBXBuildFile; fileRef = 4271EC8C2A8871EE00E2C85B /* Product.swift */; };
		4271EC902A88729C00E2C85B /* SalesView.swift in Sources */ = {isa = PBXBuildFile; fileRef = 4271EC8F2A88729C00E2C85B /* SalesView.swift */; };
		4271EC922A88753900E2C85B /* ProductView.swift in Sources */ = {isa = PBXBuildFile; fileRef = 4271EC912A88753900E2C85B /* ProductView.swift */; };
		428D1B9D2ABDF28300F65A65 /* LaunchScreenView.swift in Sources */ = {isa = PBXBuildFile; fileRef = 428D1B9C2ABDF28300F65A65 /* LaunchScreenView.swift */; };
		428D1B9F2ABE53F900F65A65 /* LaunchScreenPhase.swift in Sources */ = {isa = PBXBuildFile; fileRef = 428D1B9E2ABE53F900F65A65 /* LaunchScreenPhase.swift */; };
		42994BF12A9D4B39007248F0 /* MockCartView.swift in Sources */ = {isa = PBXBuildFile; fileRef = 42994BF02A9D4B39007248F0 /* MockCartView.swift */; };
		42A3BCEF2AC2A4C3006E9DCA /* DayNightToggleView.swift in Sources */ = {isa = PBXBuildFile; fileRef = 42A3BCEE2AC2A4C3006E9DCA /* DayNightToggleView.swift */; };
		42A3BCF32AC2ADF4006E9DCA /* IconView.swift in Sources */ = {isa = PBXBuildFile; fileRef = 42A3BCF22AC2ADF4006E9DCA /* IconView.swift */; };
		42A3BCF92AC350AA006E9DCA /* OrderIconView.swift in Sources */ = {isa = PBXBuildFile; fileRef = 42A3BCF82AC350AA006E9DCA /* OrderIconView.swift */; };
		42A3BCFB2AC350C8006E9DCA /* WalletIconView.swift in Sources */ = {isa = PBXBuildFile; fileRef = 42A3BCFA2AC350C8006E9DCA /* WalletIconView.swift */; };
		42A3BCFD2AC350D8006E9DCA /* HistoryIconView.swift in Sources */ = {isa = PBXBuildFile; fileRef = 42A3BCFC2AC350D8006E9DCA /* HistoryIconView.swift */; };
		42A3BCFF2AC350E6006E9DCA /* BookmarkIconView.swift in Sources */ = {isa = PBXBuildFile; fileRef = 42A3BCFE2AC350E6006E9DCA /* BookmarkIconView.swift */; };
		42BD09602B03317F000D72EA /* Auth0 in Frameworks */ = {isa = PBXBuildFile; productRef = 42BD095F2B03317F000D72EA /* Auth0 */; };
		42BD09622B033198000D72EA /* User.swift in Sources */ = {isa = PBXBuildFile; fileRef = 42BD09612B033198000D72EA /* User.swift */; };
		42EDC68B2B03366900EA5148 /* Auth0.plist in Resources */ = {isa = PBXBuildFile; fileRef = 42EDC68A2B03366900EA5148 /* Auth0.plist */; };
		42F49D662A91CF12002C3C35 /* CartListView.swift in Sources */ = {isa = PBXBuildFile; fileRef = 42F49D652A91CF12002C3C35 /* CartListView.swift */; };
		42F49D682A91D38F002C3C35 /* CartViewModel.swift in Sources */ = {isa = PBXBuildFile; fileRef = 42F49D672A91D38F002C3C35 /* CartViewModel.swift */; };
		AE2B3B792A871EAE00889805 /* ShopHubApp.swift in Sources */ = {isa = PBXBuildFile; fileRef = AE2B3B782A871EAE00889805 /* ShopHubApp.swift */; };
		AE2B3B7B2A871EAE00889805 /* ContentView.swift in Sources */ = {isa = PBXBuildFile; fileRef = AE2B3B7A2A871EAE00889805 /* ContentView.swift */; };
		AE2B3B7D2A871EAF00889805 /* Assets.xcassets in Resources */ = {isa = PBXBuildFile; fileRef = AE2B3B7C2A871EAF00889805 /* Assets.xcassets */; };
		AE2B3B802A871EAF00889805 /* Preview Assets.xcassets in Resources */ = {isa = PBXBuildFile; fileRef = AE2B3B7F2A871EAF00889805 /* Preview Assets.xcassets */; };
		AE3600672A9C467700E70E53 /* CartSubmissionView.swift in Sources */ = {isa = PBXBuildFile; fileRef = AE3600662A9C467700E70E53 /* CartSubmissionView.swift */; };
		AE5FAA402AB79787004D1EFA /* NavigationCustomBackButton.swift in Sources */ = {isa = PBXBuildFile; fileRef = AE5FAA3F2AB79787004D1EFA /* NavigationCustomBackButton.swift */; };
		AE7B9E292ABBC5C00083D0D3 /* SelectedTabEnvironmentKey.swift in Sources */ = {isa = PBXBuildFile; fileRef = AE7B9E282ABBC5C00083D0D3 /* SelectedTabEnvironmentKey.swift */; };
		AEA24E702AB6953C005E5FAA /* ShopHubTests.swift in Sources */ = {isa = PBXBuildFile; fileRef = AEA24E6F2AB6953C005E5FAA /* ShopHubTests.swift */; };
		AEA24E7F2AB69823005E5FAA /* TabViewMenuNavigation.swift in Sources */ = {isa = PBXBuildFile; fileRef = AEA24E7E2AB69823005E5FAA /* TabViewMenuNavigation.swift */; };
		AEA29B492AC532230037E58E /* DayNightToggleIconView.swift in Sources */ = {isa = PBXBuildFile; fileRef = AEA29B482AC532230037E58E /* DayNightToggleIconView.swift */; };
		AEAC80172A9AFEDA0074F0CC /* Cartable.swift in Sources */ = {isa = PBXBuildFile; fileRef = AEAC80162A9AFEDA0074F0CC /* Cartable.swift */; };
		AEAC801A2A9C1DBA0074F0CC /* CartTranscationView.swift in Sources */ = {isa = PBXBuildFile; fileRef = AEAC80192A9C1DBA0074F0CC /* CartTranscationView.swift */; };
		AEB27C9F2A874D74009E7A80 /* ProductsView.swift in Sources */ = {isa = PBXBuildFile; fileRef = AEB27C9E2A874D74009E7A80 /* ProductsView.swift */; };
		AEB27CA12A874D86009E7A80 /* CartView.swift in Sources */ = {isa = PBXBuildFile; fileRef = AEB27CA02A874D86009E7A80 /* CartView.swift */; };
		AEB27CA32A874D95009E7A80 /* UserView.swift in Sources */ = {isa = PBXBuildFile; fileRef = AEB27CA22A874D95009E7A80 /* UserView.swift */; };
		AEB27CA72A87505B009E7A80 /* MenuTabView.swift in Sources */ = {isa = PBXBuildFile; fileRef = AEB27CA62A87505B009E7A80 /* MenuTabView.swift */; };
		AEB27CAA2A8857E5009E7A80 /* ToolBarStyle.swift in Sources */ = {isa = PBXBuildFile; fileRef = AEB27CA92A8857E5009E7A80 /* ToolBarStyle.swift */; };
		AEBD622F2A99A1E10014C335 /* CartItemView.swift in Sources */ = {isa = PBXBuildFile; fileRef = AEBD622E2A99A1E10014C335 /* CartItemView.swift */; };
		AEC27B292AACDCA000B22C40 /* TextFieldQuantityView.swift in Sources */ = {isa = PBXBuildFile; fileRef = AEC27B282AACDCA000B22C40 /* TextFieldQuantityView.swift */; };
		AED85CD52A8B347B00E8B347 /* BannerView.swift in Sources */ = {isa = PBXBuildFile; fileRef = AED85CD42A8B347B00E8B347 /* BannerView.swift */; };
		AEE12AAE2AAE5199002FE29D /* AddToCartView.swift in Sources */ = {isa = PBXBuildFile; fileRef = AEE12AAD2AAE5199002FE29D /* AddToCartView.swift */; };
		AEF37BC12A891F710003F44E /* ShopHubViewModel.swift in Sources */ = {isa = PBXBuildFile; fileRef = AEF37BC02A891F710003F44E /* ShopHubViewModel.swift */; };
/* End PBXBuildFile section */

/* Begin PBXContainerItemProxy section */
		420AB8D92B152FD500631336 /* PBXContainerItemProxy */ = {
			isa = PBXContainerItemProxy;
			containerPortal = AE2B3B6D2A871EAD00889805 /* Project object */;
			proxyType = 1;
			remoteGlobalIDString = 420AB8C62B152FD400631336;
			remoteInfo = ShopHubWidgetExtension;
		};
		AEA24E712AB6953C005E5FAA /* PBXContainerItemProxy */ = {
			isa = PBXContainerItemProxy;
			containerPortal = AE2B3B6D2A871EAD00889805 /* Project object */;
			proxyType = 1;
			remoteGlobalIDString = AE2B3B742A871EAD00889805;
			remoteInfo = ShopHub;
		};
/* End PBXContainerItemProxy section */

/* Begin PBXCopyFilesBuildPhase section */
		420AB8DC2B152FD500631336 /* Embed Foundation Extensions */ = {
			isa = PBXCopyFilesBuildPhase;
			buildActionMask = 2147483647;
			dstPath = "";
			dstSubfolderSpec = 13;
			files = (
				420AB8DB2B152FD500631336 /* ShopHubWidgetExtension.appex in Embed Foundation Extensions */,
			);
			name = "Embed Foundation Extensions";
			runOnlyForDeploymentPostprocessing = 0;
		};
/* End PBXCopyFilesBuildPhase section */

/* Begin PBXFileReference section */
		420AB8C72B152FD400631336 /* ShopHubWidgetExtension.appex */ = {isa = PBXFileReference; explicitFileType = "wrapper.app-extension"; includeInIndex = 0; path = ShopHubWidgetExtension.appex; sourceTree = BUILT_PRODUCTS_DIR; };
		420AB8C92B152FD400631336 /* WidgetKit.framework */ = {isa = PBXFileReference; lastKnownFileType = wrapper.framework; name = WidgetKit.framework; path = System/Library/Frameworks/WidgetKit.framework; sourceTree = SDKROOT; };
		420AB8CB2B152FD400631336 /* SwiftUI.framework */ = {isa = PBXFileReference; lastKnownFileType = wrapper.framework; name = SwiftUI.framework; path = System/Library/Frameworks/SwiftUI.framework; sourceTree = SDKROOT; };
		420AB8CE2B152FD400631336 /* ShopHubWidgetBundle.swift */ = {isa = PBXFileReference; lastKnownFileType = sourcecode.swift; path = ShopHubWidgetBundle.swift; sourceTree = "<group>"; };
		420AB8D02B152FD400631336 /* ShopHubWidgetLiveActivity.swift */ = {isa = PBXFileReference; lastKnownFileType = sourcecode.swift; path = ShopHubWidgetLiveActivity.swift; sourceTree = "<group>"; };
		420AB8D22B152FD400631336 /* ShopHubWidget.swift */ = {isa = PBXFileReference; lastKnownFileType = sourcecode.swift; path = ShopHubWidget.swift; sourceTree = "<group>"; };
		420AB8D42B152FD400631336 /* AppIntent.swift */ = {isa = PBXFileReference; lastKnownFileType = sourcecode.swift; path = AppIntent.swift; sourceTree = "<group>"; };
		420AB8D62B152FD500631336 /* Assets.xcassets */ = {isa = PBXFileReference; lastKnownFileType = folder.assetcatalog; path = Assets.xcassets; sourceTree = "<group>"; };
		420AB8D82B152FD500631336 /* Info.plist */ = {isa = PBXFileReference; lastKnownFileType = text.plist.xml; path = Info.plist; sourceTree = "<group>"; };
		423216FC2A8BED3300B7A7F0 /* BannerCardView.swift */ = {isa = PBXFileReference; lastKnownFileType = sourcecode.swift; path = BannerCardView.swift; sourceTree = "<group>"; };
		4237B37C2A8AC17900C214AE /* ProductDetailView.swift */ = {isa = PBXFileReference; lastKnownFileType = sourcecode.swift; path = ProductDetailView.swift; sourceTree = "<group>"; };
		4237B37F2A8AC5AD00C214AE /* TypeTagView.swift */ = {isa = PBXFileReference; lastKnownFileType = sourcecode.swift; path = TypeTagView.swift; sourceTree = "<group>"; };
		425169142B034525008AFD1D /* CustomAsyncImage.swift */ = {isa = PBXFileReference; lastKnownFileType = sourcecode.swift; path = CustomAsyncImage.swift; sourceTree = "<group>"; };
		426048472AC0B1C400C54B0C /* WalletView.swift */ = {isa = PBXFileReference; lastKnownFileType = sourcecode.swift; path = WalletView.swift; sourceTree = "<group>"; };
		426048492AC0B26D00C54B0C /* OrderView.swift */ = {isa = PBXFileReference; lastKnownFileType = sourcecode.swift; path = OrderView.swift; sourceTree = "<group>"; };
		4260484B2AC0B2B500C54B0C /* HistoryView.swift */ = {isa = PBXFileReference; lastKnownFileType = sourcecode.swift; path = HistoryView.swift; sourceTree = "<group>"; };
		4260484D2AC0B50C00C54B0C /* BookmarkView.swift */ = {isa = PBXFileReference; lastKnownFileType = sourcecode.swift; path = BookmarkView.swift; sourceTree = "<group>"; };
		4260484F2AC0B6FD00C54B0C /* UserComponentsView.swift */ = {isa = PBXFileReference; lastKnownFileType = sourcecode.swift; path = UserComponentsView.swift; sourceTree = "<group>"; };
		4271EC832A88719C00E2C85B /* ProductList.json */ = {isa = PBXFileReference; fileEncoding = 4; lastKnownFileType = text.json; path = ProductList.json; sourceTree = "<group>"; };
		4271EC852A8871BE00E2C85B /* Bundle+Decode.swift */ = {isa = PBXFileReference; fileEncoding = 4; lastKnownFileType = sourcecode.swift; path = "Bundle+Decode.swift"; sourceTree = "<group>"; };
		4271EC862A8871BE00E2C85B /* Color-Theme.swift */ = {isa = PBXFileReference; fileEncoding = 4; lastKnownFileType = sourcecode.swift; path = "Color-Theme.swift"; sourceTree = "<group>"; };
		4271EC8C2A8871EE00E2C85B /* Product.swift */ = {isa = PBXFileReference; fileEncoding = 4; lastKnownFileType = sourcecode.swift; path = Product.swift; sourceTree = "<group>"; };
		4271EC8F2A88729C00E2C85B /* SalesView.swift */ = {isa = PBXFileReference; lastKnownFileType = sourcecode.swift; path = SalesView.swift; sourceTree = "<group>"; };
		4271EC912A88753900E2C85B /* ProductView.swift */ = {isa = PBXFileReference; lastKnownFileType = sourcecode.swift; path = ProductView.swift; sourceTree = "<group>"; };
		428D1B9A2ABDDE4000F65A65 /* Info.plist */ = {isa = PBXFileReference; lastKnownFileType = text.plist; path = Info.plist; sourceTree = "<group>"; };
		428D1B9C2ABDF28300F65A65 /* LaunchScreenView.swift */ = {isa = PBXFileReference; lastKnownFileType = sourcecode.swift; path = LaunchScreenView.swift; sourceTree = "<group>"; };
		428D1B9E2ABE53F900F65A65 /* LaunchScreenPhase.swift */ = {isa = PBXFileReference; lastKnownFileType = sourcecode.swift; path = LaunchScreenPhase.swift; sourceTree = "<group>"; };
		42994BF02A9D4B39007248F0 /* MockCartView.swift */ = {isa = PBXFileReference; lastKnownFileType = sourcecode.swift; path = MockCartView.swift; sourceTree = "<group>"; };
		42A3BCEE2AC2A4C3006E9DCA /* DayNightToggleView.swift */ = {isa = PBXFileReference; lastKnownFileType = sourcecode.swift; path = DayNightToggleView.swift; sourceTree = "<group>"; };
		42A3BCF22AC2ADF4006E9DCA /* IconView.swift */ = {isa = PBXFileReference; lastKnownFileType = sourcecode.swift; path = IconView.swift; sourceTree = "<group>"; };
		42A3BCF82AC350AA006E9DCA /* OrderIconView.swift */ = {isa = PBXFileReference; lastKnownFileType = sourcecode.swift; path = OrderIconView.swift; sourceTree = "<group>"; };
		42A3BCFA2AC350C8006E9DCA /* WalletIconView.swift */ = {isa = PBXFileReference; lastKnownFileType = sourcecode.swift; path = WalletIconView.swift; sourceTree = "<group>"; };
		42A3BCFC2AC350D8006E9DCA /* HistoryIconView.swift */ = {isa = PBXFileReference; lastKnownFileType = sourcecode.swift; path = HistoryIconView.swift; sourceTree = "<group>"; };
		42A3BCFE2AC350E6006E9DCA /* BookmarkIconView.swift */ = {isa = PBXFileReference; lastKnownFileType = sourcecode.swift; path = BookmarkIconView.swift; sourceTree = "<group>"; };
		42BD09612B033198000D72EA /* User.swift */ = {isa = PBXFileReference; lastKnownFileType = sourcecode.swift; path = User.swift; sourceTree = "<group>"; };
		42EDC68A2B03366900EA5148 /* Auth0.plist */ = {isa = PBXFileReference; fileEncoding = 4; lastKnownFileType = text.plist.xml; path = Auth0.plist; sourceTree = "<group>"; };
		42F49D652A91CF12002C3C35 /* CartListView.swift */ = {isa = PBXFileReference; lastKnownFileType = sourcecode.swift; path = CartListView.swift; sourceTree = "<group>"; };
		42F49D672A91D38F002C3C35 /* CartViewModel.swift */ = {isa = PBXFileReference; lastKnownFileType = sourcecode.swift; path = CartViewModel.swift; sourceTree = "<group>"; };
		AE2B3B752A871EAD00889805 /* ShopHub.app */ = {isa = PBXFileReference; explicitFileType = wrapper.application; includeInIndex = 0; path = ShopHub.app; sourceTree = BUILT_PRODUCTS_DIR; };
		AE2B3B782A871EAE00889805 /* ShopHubApp.swift */ = {isa = PBXFileReference; lastKnownFileType = sourcecode.swift; path = ShopHubApp.swift; sourceTree = "<group>"; };
		AE2B3B7A2A871EAE00889805 /* ContentView.swift */ = {isa = PBXFileReference; lastKnownFileType = sourcecode.swift; path = ContentView.swift; sourceTree = "<group>"; };
		AE2B3B7C2A871EAF00889805 /* Assets.xcassets */ = {isa = PBXFileReference; lastKnownFileType = folder.assetcatalog; path = Assets.xcassets; sourceTree = "<group>"; };
		AE2B3B7F2A871EAF00889805 /* Preview Assets.xcassets */ = {isa = PBXFileReference; lastKnownFileType = folder.assetcatalog; path = "Preview Assets.xcassets"; sourceTree = "<group>"; };
		AE3600662A9C467700E70E53 /* CartSubmissionView.swift */ = {isa = PBXFileReference; lastKnownFileType = sourcecode.swift; path = CartSubmissionView.swift; sourceTree = "<group>"; };
		AE5FAA3F2AB79787004D1EFA /* NavigationCustomBackButton.swift */ = {isa = PBXFileReference; lastKnownFileType = sourcecode.swift; path = NavigationCustomBackButton.swift; sourceTree = "<group>"; };
		AE7B9E282ABBC5C00083D0D3 /* SelectedTabEnvironmentKey.swift */ = {isa = PBXFileReference; lastKnownFileType = sourcecode.swift; path = SelectedTabEnvironmentKey.swift; sourceTree = "<group>"; };
		AEA24E6D2AB6953C005E5FAA /* ShopHubTests.xctest */ = {isa = PBXFileReference; explicitFileType = wrapper.cfbundle; includeInIndex = 0; path = ShopHubTests.xctest; sourceTree = BUILT_PRODUCTS_DIR; };
		AEA24E6F2AB6953C005E5FAA /* ShopHubTests.swift */ = {isa = PBXFileReference; lastKnownFileType = sourcecode.swift; path = ShopHubTests.swift; sourceTree = "<group>"; };
		AEA24E7E2AB69823005E5FAA /* TabViewMenuNavigation.swift */ = {isa = PBXFileReference; lastKnownFileType = sourcecode.swift; path = TabViewMenuNavigation.swift; sourceTree = "<group>"; };
		AEA29B482AC532230037E58E /* DayNightToggleIconView.swift */ = {isa = PBXFileReference; lastKnownFileType = sourcecode.swift; name = DayNightToggleIconView.swift; path = "ShopHub/User Interface/Accessory Views/ToolbarView/DayNightToggleIconView.swift"; sourceTree = SOURCE_ROOT; };
		AEAC80162A9AFEDA0074F0CC /* Cartable.swift */ = {isa = PBXFileReference; lastKnownFileType = sourcecode.swift; path = Cartable.swift; sourceTree = "<group>"; };
		AEAC80192A9C1DBA0074F0CC /* CartTranscationView.swift */ = {isa = PBXFileReference; lastKnownFileType = sourcecode.swift; path = CartTranscationView.swift; sourceTree = "<group>"; };
		AEB27C9E2A874D74009E7A80 /* ProductsView.swift */ = {isa = PBXFileReference; lastKnownFileType = sourcecode.swift; path = ProductsView.swift; sourceTree = "<group>"; };
		AEB27CA02A874D86009E7A80 /* CartView.swift */ = {isa = PBXFileReference; lastKnownFileType = sourcecode.swift; path = CartView.swift; sourceTree = "<group>"; };
		AEB27CA22A874D95009E7A80 /* UserView.swift */ = {isa = PBXFileReference; lastKnownFileType = sourcecode.swift; path = UserView.swift; sourceTree = "<group>"; };
		AEB27CA62A87505B009E7A80 /* MenuTabView.swift */ = {isa = PBXFileReference; lastKnownFileType = sourcecode.swift; path = MenuTabView.swift; sourceTree = "<group>"; };
		AEB27CA92A8857E5009E7A80 /* ToolBarStyle.swift */ = {isa = PBXFileReference; lastKnownFileType = sourcecode.swift; path = ToolBarStyle.swift; sourceTree = "<group>"; };
		AEBD622E2A99A1E10014C335 /* CartItemView.swift */ = {isa = PBXFileReference; lastKnownFileType = sourcecode.swift; path = CartItemView.swift; sourceTree = "<group>"; };
		AEC27B282AACDCA000B22C40 /* TextFieldQuantityView.swift */ = {isa = PBXFileReference; lastKnownFileType = sourcecode.swift; path = TextFieldQuantityView.swift; sourceTree = "<group>"; };
		AED85CD42A8B347B00E8B347 /* BannerView.swift */ = {isa = PBXFileReference; lastKnownFileType = sourcecode.swift; path = BannerView.swift; sourceTree = "<group>"; };
		AEE12AAD2AAE5199002FE29D /* AddToCartView.swift */ = {isa = PBXFileReference; lastKnownFileType = sourcecode.swift; path = AddToCartView.swift; sourceTree = "<group>"; };
		AEF37BC02A891F710003F44E /* ShopHubViewModel.swift */ = {isa = PBXFileReference; lastKnownFileType = sourcecode.swift; path = ShopHubViewModel.swift; sourceTree = "<group>"; };
/* End PBXFileReference section */

/* Begin PBXFrameworksBuildPhase section */
		420AB8C42B152FD400631336 /* Frameworks */ = {
			isa = PBXFrameworksBuildPhase;
			buildActionMask = 2147483647;
			files = (
				420AB8CC2B152FD400631336 /* SwiftUI.framework in Frameworks */,
				420AB8CA2B152FD400631336 /* WidgetKit.framework in Frameworks */,
			);
			runOnlyForDeploymentPostprocessing = 0;
		};
		AE2B3B722A871EAD00889805 /* Frameworks */ = {
			isa = PBXFrameworksBuildPhase;
			buildActionMask = 2147483647;
			files = (
				42BD09602B03317F000D72EA /* Auth0 in Frameworks */,
			);
			runOnlyForDeploymentPostprocessing = 0;
		};
		AEA24E6A2AB6953C005E5FAA /* Frameworks */ = {
			isa = PBXFrameworksBuildPhase;
			buildActionMask = 2147483647;
			files = (
			);
			runOnlyForDeploymentPostprocessing = 0;
		};
/* End PBXFrameworksBuildPhase section */

/* Begin PBXGroup section */
		420AB8C82B152FD400631336 /* Frameworks */ = {
			isa = PBXGroup;
			children = (
				420AB8C92B152FD400631336 /* WidgetKit.framework */,
				420AB8CB2B152FD400631336 /* SwiftUI.framework */,
			);
			name = Frameworks;
			sourceTree = "<group>";
		};
		420AB8CD2B152FD400631336 /* ShopHubWidget */ = {
			isa = PBXGroup;
			children = (
				420AB8CE2B152FD400631336 /* ShopHubWidgetBundle.swift */,
				420AB8D02B152FD400631336 /* ShopHubWidgetLiveActivity.swift */,
				420AB8D22B152FD400631336 /* ShopHubWidget.swift */,
				420AB8D42B152FD400631336 /* AppIntent.swift */,
				420AB8D62B152FD500631336 /* Assets.xcassets */,
				420AB8D82B152FD500631336 /* Info.plist */,
			);
			path = ShopHubWidget;
			sourceTree = "<group>";
		};
		426048462AC0B13300C54B0C /* SettingsComponent */ = {
			isa = PBXGroup;
			children = (
				42A3BCEE2AC2A4C3006E9DCA /* DayNightToggleView.swift */,
			);
			path = SettingsComponent;
			sourceTree = "<group>";
		};
		4269E81E2A944D8E00AB9475 /* ViewModels */ = {
			isa = PBXGroup;
			children = (
				AEF37BC02A891F710003F44E /* ShopHubViewModel.swift */,
				AEAC80152A9AFE760074F0CC /* CartViewModel */,
			);
			path = ViewModels;
			sourceTree = "<group>";
		};
		4271EC822A88717E00E2C85B /* JSON Data */ = {
			isa = PBXGroup;
			children = (
				4271EC832A88719C00E2C85B /* ProductList.json */,
			);
			path = "JSON Data";
			sourceTree = "<group>";
		};
		428D1B9B2ABDF25800F65A65 /* LaunchScreen */ = {
			isa = PBXGroup;
			children = (
				428D1B9C2ABDF28300F65A65 /* LaunchScreenView.swift */,
				428D1B9E2ABE53F900F65A65 /* LaunchScreenPhase.swift */,
			);
			path = LaunchScreen;
			sourceTree = "<group>";
		};
		42994BEF2A9D4AFE007248F0 /* Mock */ = {
			isa = PBXGroup;
			children = (
				42994BF02A9D4B39007248F0 /* MockCartView.swift */,
			);
			path = Mock;
			sourceTree = "<group>";
		};
		42A3BCF42AC34292006E9DCA /* UserComponent */ = {
			isa = PBXGroup;
			children = (
				426048472AC0B1C400C54B0C /* WalletView.swift */,
				426048492AC0B26D00C54B0C /* OrderView.swift */,
				4260484B2AC0B2B500C54B0C /* HistoryView.swift */,
				4260484D2AC0B50C00C54B0C /* BookmarkView.swift */,
			);
			path = UserComponent;
			sourceTree = "<group>";
		};
		42A3BCF52AC34E76006E9DCA /* Icon */ = {
			isa = PBXGroup;
			children = (
				42A3BCF72AC34E93006E9DCA /* SettingItems */,
				42A3BCF62AC34E83006E9DCA /* UserItems */,
				42A3BCF22AC2ADF4006E9DCA /* IconView.swift */,
			);
			path = Icon;
			sourceTree = "<group>";
		};
		42A3BCF62AC34E83006E9DCA /* UserItems */ = {
			isa = PBXGroup;
			children = (
				42A3BCFA2AC350C8006E9DCA /* WalletIconView.swift */,
				42A3BCF82AC350AA006E9DCA /* OrderIconView.swift */,
				42A3BCFC2AC350D8006E9DCA /* HistoryIconView.swift */,
				42A3BCFE2AC350E6006E9DCA /* BookmarkIconView.swift */,
			);
			path = UserItems;
			sourceTree = "<group>";
		};
		42A3BCF72AC34E93006E9DCA /* SettingItems */ = {
			isa = PBXGroup;
			children = (
				AEA29B482AC532230037E58E /* DayNightToggleIconView.swift */,
			);
			path = SettingItems;
			sourceTree = "<group>";
		};
		AE2B3B6C2A871EAD00889805 = {
			isa = PBXGroup;
			children = (
				AE2B3B772A871EAE00889805 /* ShopHub */,
				AEA24E6E2AB6953C005E5FAA /* ShopHubTests */,
				420AB8CD2B152FD400631336 /* ShopHubWidget */,
				420AB8C82B152FD400631336 /* Frameworks */,
				AE2B3B762A871EAD00889805 /* Products */,
			);
			sourceTree = "<group>";
		};
		AE2B3B762A871EAD00889805 /* Products */ = {
			isa = PBXGroup;
			children = (
				AE2B3B752A871EAD00889805 /* ShopHub.app */,
				AEA24E6D2AB6953C005E5FAA /* ShopHubTests.xctest */,
				420AB8C72B152FD400631336 /* ShopHubWidgetExtension.appex */,
			);
			name = Products;
			sourceTree = "<group>";
		};
		AE2B3B772A871EAE00889805 /* ShopHub */ = {
			isa = PBXGroup;
			children = (
				428D1B9B2ABDF25800F65A65 /* LaunchScreen */,
				428D1B9A2ABDDE4000F65A65 /* Info.plist */,
				42994BEF2A9D4AFE007248F0 /* Mock */,
				AEB27CAB2A886A02009E7A80 /* Extensions */,
				4271EC822A88717E00E2C85B /* JSON Data */,
				4269E81E2A944D8E00AB9475 /* ViewModels */,
				AEB27CAD2A886A2D009E7A80 /* Models */,
				AEB27C982A874CBB009E7A80 /* User Interface */,
				AE2B3B782A871EAE00889805 /* ShopHubApp.swift */,
				AE2B3B7A2A871EAE00889805 /* ContentView.swift */,
				AE2B3B7C2A871EAF00889805 /* Assets.xcassets */,
				AE2B3B7E2A871EAF00889805 /* Preview Content */,
			);
			path = ShopHub;
			sourceTree = "<group>";
		};
		AE2B3B7E2A871EAF00889805 /* Preview Content */ = {
			isa = PBXGroup;
			children = (
				AE2B3B7F2A871EAF00889805 /* Preview Assets.xcassets */,
			);
			path = "Preview Content";
			sourceTree = "<group>";
		};
		AE7B9E272ABBC5180083D0D3 /* EnvironmentValues */ = {
			isa = PBXGroup;
			children = (
				AE7B9E282ABBC5C00083D0D3 /* SelectedTabEnvironmentKey.swift */,
			);
			path = EnvironmentValues;
			sourceTree = "<group>";
		};
		AEA24E6E2AB6953C005E5FAA /* ShopHubTests */ = {
			isa = PBXGroup;
			children = (
				AEA24E6F2AB6953C005E5FAA /* ShopHubTests.swift */,
				AEA24E7E2AB69823005E5FAA /* TabViewMenuNavigation.swift */,
			);
			path = ShopHubTests;
			sourceTree = "<group>";
		};
		AEAC80132A9AE8F00074F0CC /* Banner */ = {
			isa = PBXGroup;
			children = (
				AED85CD42A8B347B00E8B347 /* BannerView.swift */,
				423216FC2A8BED3300B7A7F0 /* BannerCardView.swift */,
			);
			path = Banner;
			sourceTree = "<group>";
		};
		AEAC80142A9AE91D0074F0CC /* Sale */ = {
			isa = PBXGroup;
			children = (
				4271EC8F2A88729C00E2C85B /* SalesView.swift */,
				4271EC912A88753900E2C85B /* ProductView.swift */,
				4237B37C2A8AC17900C214AE /* ProductDetailView.swift */,
			);
			path = Sale;
			sourceTree = "<group>";
		};
		AEAC80152A9AFE760074F0CC /* CartViewModel */ = {
			isa = PBXGroup;
			children = (
				42F49D672A91D38F002C3C35 /* CartViewModel.swift */,
				AEAC80162A9AFEDA0074F0CC /* Cartable.swift */,
			);
			path = CartViewModel;
			sourceTree = "<group>";
		};
		AEB27C982A874CBB009E7A80 /* User Interface */ = {
			isa = PBXGroup;
			children = (
				AEB27CA52A874F83009E7A80 /* Menu Navigation */,
				AEB27CA42A874F00009E7A80 /* Accessory Views */,
				AEB27C992A874CFD009E7A80 /* Page Views */,
			);
			path = "User Interface";
			sourceTree = "<group>";
		};
		AEB27C992A874CFD009E7A80 /* Page Views */ = {
			isa = PBXGroup;
			children = (
				AEB27C9D2A874D22009E7A80 /* User */,
				AEB27C9C2A874D1F009E7A80 /* Cart */,
				AEB27C9B2A874D1A009E7A80 /* Products */,
			);
			path = "Page Views";
			sourceTree = "<group>";
		};
		AEB27C9B2A874D1A009E7A80 /* Products */ = {
			isa = PBXGroup;
			children = (
				AEAC80142A9AE91D0074F0CC /* Sale */,
				AEAC80132A9AE8F00074F0CC /* Banner */,
				AEB27C9E2A874D74009E7A80 /* ProductsView.swift */,
			);
			path = Products;
			sourceTree = "<group>";
		};
		AEB27C9C2A874D1F009E7A80 /* Cart */ = {
			isa = PBXGroup;
			children = (
				AEB27CA02A874D86009E7A80 /* CartView.swift */,
				AEAC80192A9C1DBA0074F0CC /* CartTranscationView.swift */,
				42F49D652A91CF12002C3C35 /* CartListView.swift */,
				AEBD622E2A99A1E10014C335 /* CartItemView.swift */,
			);
			path = Cart;
			sourceTree = "<group>";
		};
		AEB27C9D2A874D22009E7A80 /* User */ = {
			isa = PBXGroup;
			children = (
				42EDC68A2B03366900EA5148 /* Auth0.plist */,
				42A3BCF52AC34E76006E9DCA /* Icon */,
				42A3BCF42AC34292006E9DCA /* UserComponent */,
				426048462AC0B13300C54B0C /* SettingsComponent */,
				AEB27CA22A874D95009E7A80 /* UserView.swift */,
				4260484F2AC0B6FD00C54B0C /* UserComponentsView.swift */,
			);
			path = User;
			sourceTree = "<group>";
		};
		AEB27CA42A874F00009E7A80 /* Accessory Views */ = {
			isa = PBXGroup;
			children = (
				AEB27CA82A885795009E7A80 /* ToolbarView */,
				4237B37F2A8AC5AD00C214AE /* TypeTagView.swift */,
				AEE12AAD2AAE5199002FE29D /* AddToCartView.swift */,
				AE3600662A9C467700E70E53 /* CartSubmissionView.swift */,
				AEC27B282AACDCA000B22C40 /* TextFieldQuantityView.swift */,
				425169142B034525008AFD1D /* CustomAsyncImage.swift */,
			);
			path = "Accessory Views";
			sourceTree = "<group>";
		};
		AEB27CA52A874F83009E7A80 /* Menu Navigation */ = {
			isa = PBXGroup;
			children = (
				AEB27CA62A87505B009E7A80 /* MenuTabView.swift */,
			);
			path = "Menu Navigation";
			sourceTree = "<group>";
		};
		AEB27CA82A885795009E7A80 /* ToolbarView */ = {
			isa = PBXGroup;
			children = (
				AE5FAA3F2AB79787004D1EFA /* NavigationCustomBackButton.swift */,
				AEB27CA92A8857E5009E7A80 /* ToolBarStyle.swift */,
			);
			path = ToolbarView;
			sourceTree = "<group>";
		};
		AEB27CAB2A886A02009E7A80 /* Extensions */ = {
			isa = PBXGroup;
			children = (
				AE7B9E272ABBC5180083D0D3 /* EnvironmentValues */,
				AEB27CAC2A886A17009E7A80 /* Swift */,
			);
			path = Extensions;
			sourceTree = "<group>";
		};
		AEB27CAC2A886A17009E7A80 /* Swift */ = {
			isa = PBXGroup;
			children = (
				4271EC852A8871BE00E2C85B /* Bundle+Decode.swift */,
				4271EC862A8871BE00E2C85B /* Color-Theme.swift */,
			);
			path = Swift;
			sourceTree = "<group>";
		};
		AEB27CAD2A886A2D009E7A80 /* Models */ = {
			isa = PBXGroup;
			children = (
				4271EC8C2A8871EE00E2C85B /* Product.swift */,
				42BD09612B033198000D72EA /* User.swift */,
			);
			path = Models;
			sourceTree = "<group>";
		};
/* End PBXGroup section */

/* Begin PBXNativeTarget section */
		420AB8C62B152FD400631336 /* ShopHubWidgetExtension */ = {
			isa = PBXNativeTarget;
			buildConfigurationList = 420AB8DF2B152FD500631336 /* Build configuration list for PBXNativeTarget "ShopHubWidgetExtension" */;
			buildPhases = (
				420AB8C32B152FD400631336 /* Sources */,
				420AB8C42B152FD400631336 /* Frameworks */,
				420AB8C52B152FD400631336 /* Resources */,
			);
			buildRules = (
			);
			dependencies = (
			);
			name = ShopHubWidgetExtension;
			productName = ShopHubWidgetExtension;
			productReference = 420AB8C72B152FD400631336 /* ShopHubWidgetExtension.appex */;
			productType = "com.apple.product-type.app-extension";
		};
		AE2B3B742A871EAD00889805 /* ShopHub */ = {
			isa = PBXNativeTarget;
			buildConfigurationList = AE2B3B832A871EAF00889805 /* Build configuration list for PBXNativeTarget "ShopHub" */;
			buildPhases = (
				AE2B3B712A871EAD00889805 /* Sources */,
				AE2B3B722A871EAD00889805 /* Frameworks */,
				AE2B3B732A871EAD00889805 /* Resources */,
				420AB8DC2B152FD500631336 /* Embed Foundation Extensions */,
			);
			buildRules = (
			);
			dependencies = (
				420AB8DA2B152FD500631336 /* PBXTargetDependency */,
			);
			name = ShopHub;
			packageProductDependencies = (
				42BD095F2B03317F000D72EA /* Auth0 */,
			);
			productName = ShopHub;
			productReference = AE2B3B752A871EAD00889805 /* ShopHub.app */;
			productType = "com.apple.product-type.application";
		};
		AEA24E6C2AB6953C005E5FAA /* ShopHubTests */ = {
			isa = PBXNativeTarget;
			buildConfigurationList = AEA24E752AB6953C005E5FAA /* Build configuration list for PBXNativeTarget "ShopHubTests" */;
			buildPhases = (
				AEA24E692AB6953C005E5FAA /* Sources */,
				AEA24E6A2AB6953C005E5FAA /* Frameworks */,
				AEA24E6B2AB6953C005E5FAA /* Resources */,
			);
			buildRules = (
			);
			dependencies = (
				AEA24E722AB6953C005E5FAA /* PBXTargetDependency */,
			);
			name = ShopHubTests;
			productName = ShopHubTests;
			productReference = AEA24E6D2AB6953C005E5FAA /* ShopHubTests.xctest */;
			productType = "com.apple.product-type.bundle.unit-test";
		};
/* End PBXNativeTarget section */

/* Begin PBXProject section */
		AE2B3B6D2A871EAD00889805 /* Project object */ = {
			isa = PBXProject;
			attributes = {
				BuildIndependentTargetsInParallel = 1;
				LastSwiftUpdateCheck = 1500;
				LastUpgradeCheck = 1500;
				TargetAttributes = {
					420AB8C62B152FD400631336 = {
						CreatedOnToolsVersion = 15.0.1;
					};
					AE2B3B742A871EAD00889805 = {
						CreatedOnToolsVersion = 15.0;
					};
					AEA24E6C2AB6953C005E5FAA = {
						CreatedOnToolsVersion = 15.0;
						TestTargetID = AE2B3B742A871EAD00889805;
					};
				};
			};
			buildConfigurationList = AE2B3B702A871EAD00889805 /* Build configuration list for PBXProject "ShopHub" */;
			compatibilityVersion = "Xcode 14.0";
			developmentRegion = en;
			hasScannedForEncodings = 0;
			knownRegions = (
				en,
				Base,
			);
			mainGroup = AE2B3B6C2A871EAD00889805;
			packageReferences = (
				42BD095E2B03317F000D72EA /* XCRemoteSwiftPackageReference "Auth0" */,
			);
			productRefGroup = AE2B3B762A871EAD00889805 /* Products */;
			projectDirPath = "";
			projectRoot = "";
			targets = (
				AE2B3B742A871EAD00889805 /* ShopHub */,
				AEA24E6C2AB6953C005E5FAA /* ShopHubTests */,
				420AB8C62B152FD400631336 /* ShopHubWidgetExtension */,
			);
		};
/* End PBXProject section */

/* Begin PBXResourcesBuildPhase section */
		420AB8C52B152FD400631336 /* Resources */ = {
			isa = PBXResourcesBuildPhase;
			buildActionMask = 2147483647;
			files = (
				420AB8D72B152FD500631336 /* Assets.xcassets in Resources */,
			);
			runOnlyForDeploymentPostprocessing = 0;
		};
		AE2B3B732A871EAD00889805 /* Resources */ = {
			isa = PBXResourcesBuildPhase;
			buildActionMask = 2147483647;
			files = (
				AE2B3B802A871EAF00889805 /* Preview Assets.xcassets in Resources */,
				4271EC842A88719C00E2C85B /* ProductList.json in Resources */,
				AE2B3B7D2A871EAF00889805 /* Assets.xcassets in Resources */,
				42EDC68B2B03366900EA5148 /* Auth0.plist in Resources */,
			);
			runOnlyForDeploymentPostprocessing = 0;
		};
		AEA24E6B2AB6953C005E5FAA /* Resources */ = {
			isa = PBXResourcesBuildPhase;
			buildActionMask = 2147483647;
			files = (
			);
			runOnlyForDeploymentPostprocessing = 0;
		};
/* End PBXResourcesBuildPhase section */

/* Begin PBXSourcesBuildPhase section */
		420AB8C32B152FD400631336 /* Sources */ = {
			isa = PBXSourcesBuildPhase;
			buildActionMask = 2147483647;
			files = (
				420AB8D12B152FD400631336 /* ShopHubWidgetLiveActivity.swift in Sources */,
				420AB8D52B152FD400631336 /* AppIntent.swift in Sources */,
				420AB8CF2B152FD400631336 /* ShopHubWidgetBundle.swift in Sources */,
				420AB8D32B152FD400631336 /* ShopHubWidget.swift in Sources */,
			);
			runOnlyForDeploymentPostprocessing = 0;
		};
		AE2B3B712A871EAD00889805 /* Sources */ = {
			isa = PBXSourcesBuildPhase;
			buildActionMask = 2147483647;
			files = (
				42F49D662A91CF12002C3C35 /* CartListView.swift in Sources */,
				AEA29B492AC532230037E58E /* DayNightToggleIconView.swift in Sources */,
				426048482AC0B1C400C54B0C /* WalletView.swift in Sources */,
				AEAC801A2A9C1DBA0074F0CC /* CartTranscationView.swift in Sources */,
				4237B37D2A8AC17900C214AE /* ProductDetailView.swift in Sources */,
				AE2B3B7B2A871EAE00889805 /* ContentView.swift in Sources */,
				42994BF12A9D4B39007248F0 /* MockCartView.swift in Sources */,
				4271EC902A88729C00E2C85B /* SalesView.swift in Sources */,
				AEF37BC12A891F710003F44E /* ShopHubViewModel.swift in Sources */,
				AEE12AAE2AAE5199002FE29D /* AddToCartView.swift in Sources */,
				AE3600672A9C467700E70E53 /* CartSubmissionView.swift in Sources */,
				4260484E2AC0B50C00C54B0C /* BookmarkView.swift in Sources */,
				42A3BCEF2AC2A4C3006E9DCA /* DayNightToggleView.swift in Sources */,
				AEC27B292AACDCA000B22C40 /* TextFieldQuantityView.swift in Sources */,
				4271EC8E2A8871EE00E2C85B /* Product.swift in Sources */,
				4271EC922A88753900E2C85B /* ProductView.swift in Sources */,
				4260484A2AC0B26D00C54B0C /* OrderView.swift in Sources */,
				AE2B3B792A871EAE00889805 /* ShopHubApp.swift in Sources */,
				428D1B9F2ABE53F900F65A65 /* LaunchScreenPhase.swift in Sources */,
				4260484C2AC0B2B500C54B0C /* HistoryView.swift in Sources */,
				AEB27CAA2A8857E5009E7A80 /* ToolBarStyle.swift in Sources */,
				42A3BCFB2AC350C8006E9DCA /* WalletIconView.swift in Sources */,
				42A3BCFF2AC350E6006E9DCA /* BookmarkIconView.swift in Sources */,
				42A3BCFD2AC350D8006E9DCA /* HistoryIconView.swift in Sources */,
				AE5FAA402AB79787004D1EFA /* NavigationCustomBackButton.swift in Sources */,
				4271EC882A8871BE00E2C85B /* Bundle+Decode.swift in Sources */,
				4237B3802A8AC5AD00C214AE /* TypeTagView.swift in Sources */,
				AEB27CA12A874D86009E7A80 /* CartView.swift in Sources */,
				42A3BCF92AC350AA006E9DCA /* OrderIconView.swift in Sources */,
				425169152B034526008AFD1D /* CustomAsyncImage.swift in Sources */,
				AEB27CA32A874D95009E7A80 /* UserView.swift in Sources */,
				AEAC80172A9AFEDA0074F0CC /* Cartable.swift in Sources */,
				42BD09622B033198000D72EA /* User.swift in Sources */,
				AE7B9E292ABBC5C00083D0D3 /* SelectedTabEnvironmentKey.swift in Sources */,
				AEB27C9F2A874D74009E7A80 /* ProductsView.swift in Sources */,
				426048502AC0B6FD00C54B0C /* UserComponentsView.swift in Sources */,
				4271EC892A8871BE00E2C85B /* Color-Theme.swift in Sources */,
				42A3BCF32AC2ADF4006E9DCA /* IconView.swift in Sources */,
				42F49D682A91D38F002C3C35 /* CartViewModel.swift in Sources */,
				428D1B9D2ABDF28300F65A65 /* LaunchScreenView.swift in Sources */,
				AED85CD52A8B347B00E8B347 /* BannerView.swift in Sources */,
				AEBD622F2A99A1E10014C335 /* CartItemView.swift in Sources */,
				423216FD2A8BED3300B7A7F0 /* BannerCardView.swift in Sources */,
				AEB27CA72A87505B009E7A80 /* MenuTabView.swift in Sources */,
			);
			runOnlyForDeploymentPostprocessing = 0;
		};
		AEA24E692AB6953C005E5FAA /* Sources */ = {
			isa = PBXSourcesBuildPhase;
			buildActionMask = 2147483647;
			files = (
				AEA24E702AB6953C005E5FAA /* ShopHubTests.swift in Sources */,
				AEA24E7F2AB69823005E5FAA /* TabViewMenuNavigation.swift in Sources */,
			);
			runOnlyForDeploymentPostprocessing = 0;
		};
/* End PBXSourcesBuildPhase section */

/* Begin PBXTargetDependency section */
		420AB8DA2B152FD500631336 /* PBXTargetDependency */ = {
			isa = PBXTargetDependency;
			target = 420AB8C62B152FD400631336 /* ShopHubWidgetExtension */;
			targetProxy = 420AB8D92B152FD500631336 /* PBXContainerItemProxy */;
		};
		AEA24E722AB6953C005E5FAA /* PBXTargetDependency */ = {
			isa = PBXTargetDependency;
			target = AE2B3B742A871EAD00889805 /* ShopHub */;
			targetProxy = AEA24E712AB6953C005E5FAA /* PBXContainerItemProxy */;
		};
/* End PBXTargetDependency section */

/* Begin XCBuildConfiguration section */
		420AB8DD2B152FD500631336 /* Debug */ = {
			isa = XCBuildConfiguration;
			buildSettings = {
				ASSETCATALOG_COMPILER_GLOBAL_ACCENT_COLOR_NAME = AccentColor;
				ASSETCATALOG_COMPILER_WIDGET_BACKGROUND_COLOR_NAME = WidgetBackground;
				CODE_SIGN_STYLE = Automatic;
				CURRENT_PROJECT_VERSION = 1;
				DEVELOPMENT_TEAM = N2Q5A93CXS;
				GENERATE_INFOPLIST_FILE = YES;
				INFOPLIST_FILE = ShopHubWidget/Info.plist;
				INFOPLIST_KEY_CFBundleDisplayName = ShopHubWidget;
				INFOPLIST_KEY_NSHumanReadableCopyright = "";
				LD_RUNPATH_SEARCH_PATHS = (
					"$(inherited)",
					"@executable_path/Frameworks",
					"@executable_path/../../Frameworks",
				);
				MARKETING_VERSION = 1.0;
				PRODUCT_BUNDLE_IDENTIFIER = chengtao.ShopHub.ShopHubWidget;
				PRODUCT_NAME = "$(TARGET_NAME)";
				SKIP_INSTALL = YES;
				SWIFT_EMIT_LOC_STRINGS = YES;
				SWIFT_VERSION = 5.0;
				TARGETED_DEVICE_FAMILY = "1,2";
			};
			name = Debug;
		};
		420AB8DE2B152FD500631336 /* Release */ = {
			isa = XCBuildConfiguration;
			buildSettings = {
				ASSETCATALOG_COMPILER_GLOBAL_ACCENT_COLOR_NAME = AccentColor;
				ASSETCATALOG_COMPILER_WIDGET_BACKGROUND_COLOR_NAME = WidgetBackground;
				CODE_SIGN_STYLE = Automatic;
				CURRENT_PROJECT_VERSION = 1;
				DEVELOPMENT_TEAM = N2Q5A93CXS;
				GENERATE_INFOPLIST_FILE = YES;
				INFOPLIST_FILE = ShopHubWidget/Info.plist;
				INFOPLIST_KEY_CFBundleDisplayName = ShopHubWidget;
				INFOPLIST_KEY_NSHumanReadableCopyright = "";
				LD_RUNPATH_SEARCH_PATHS = (
					"$(inherited)",
					"@executable_path/Frameworks",
					"@executable_path/../../Frameworks",
				);
				MARKETING_VERSION = 1.0;
				PRODUCT_BUNDLE_IDENTIFIER = chengtao.ShopHub.ShopHubWidget;
				PRODUCT_NAME = "$(TARGET_NAME)";
				SKIP_INSTALL = YES;
				SWIFT_EMIT_LOC_STRINGS = YES;
				SWIFT_VERSION = 5.0;
				TARGETED_DEVICE_FAMILY = "1,2";
			};
			name = Release;
		};
		AE2B3B812A871EAF00889805 /* Debug */ = {
			isa = XCBuildConfiguration;
			buildSettings = {
				ALWAYS_SEARCH_USER_PATHS = NO;
				ASSETCATALOG_COMPILER_GENERATE_SWIFT_ASSET_SYMBOL_EXTENSIONS = YES;
				CLANG_ANALYZER_NONNULL = YES;
				CLANG_ANALYZER_NUMBER_OBJECT_CONVERSION = YES_AGGRESSIVE;
				CLANG_CXX_LANGUAGE_STANDARD = "gnu++20";
				CLANG_ENABLE_MODULES = YES;
				CLANG_ENABLE_OBJC_ARC = YES;
				CLANG_ENABLE_OBJC_WEAK = YES;
				CLANG_WARN_BLOCK_CAPTURE_AUTORELEASING = YES;
				CLANG_WARN_BOOL_CONVERSION = YES;
				CLANG_WARN_COMMA = YES;
				CLANG_WARN_CONSTANT_CONVERSION = YES;
				CLANG_WARN_DEPRECATED_OBJC_IMPLEMENTATIONS = YES;
				CLANG_WARN_DIRECT_OBJC_ISA_USAGE = YES_ERROR;
				CLANG_WARN_DOCUMENTATION_COMMENTS = YES;
				CLANG_WARN_EMPTY_BODY = YES;
				CLANG_WARN_ENUM_CONVERSION = YES;
				CLANG_WARN_INFINITE_RECURSION = YES;
				CLANG_WARN_INT_CONVERSION = YES;
				CLANG_WARN_NON_LITERAL_NULL_CONVERSION = YES;
				CLANG_WARN_OBJC_IMPLICIT_RETAIN_SELF = YES;
				CLANG_WARN_OBJC_LITERAL_CONVERSION = YES;
				CLANG_WARN_OBJC_ROOT_CLASS = YES_ERROR;
				CLANG_WARN_QUOTED_INCLUDE_IN_FRAMEWORK_HEADER = YES;
				CLANG_WARN_RANGE_LOOP_ANALYSIS = YES;
				CLANG_WARN_STRICT_PROTOTYPES = YES;
				CLANG_WARN_SUSPICIOUS_MOVE = YES;
				CLANG_WARN_UNGUARDED_AVAILABILITY = YES_AGGRESSIVE;
				CLANG_WARN_UNREACHABLE_CODE = YES;
				CLANG_WARN__DUPLICATE_METHOD_MATCH = YES;
				COPY_PHASE_STRIP = NO;
				DEBUG_INFORMATION_FORMAT = dwarf;
				ENABLE_STRICT_OBJC_MSGSEND = YES;
				ENABLE_TESTABILITY = YES;
				ENABLE_USER_SCRIPT_SANDBOXING = YES;
				GCC_C_LANGUAGE_STANDARD = gnu17;
				GCC_DYNAMIC_NO_PIC = NO;
				GCC_NO_COMMON_BLOCKS = YES;
				GCC_OPTIMIZATION_LEVEL = 0;
				GCC_PREPROCESSOR_DEFINITIONS = (
					"DEBUG=1",
					"$(inherited)",
				);
				GCC_WARN_64_TO_32_BIT_CONVERSION = YES;
				GCC_WARN_ABOUT_RETURN_TYPE = YES_ERROR;
				GCC_WARN_UNDECLARED_SELECTOR = YES;
				GCC_WARN_UNINITIALIZED_AUTOS = YES_AGGRESSIVE;
				GCC_WARN_UNUSED_FUNCTION = YES;
				GCC_WARN_UNUSED_VARIABLE = YES;
				IPHONEOS_DEPLOYMENT_TARGET = 17.0;
				LOCALIZATION_PREFERS_STRING_CATALOGS = YES;
				MTL_ENABLE_DEBUG_INFO = INCLUDE_SOURCE;
				MTL_FAST_MATH = YES;
				ONLY_ACTIVE_ARCH = YES;
				SDKROOT = iphoneos;
				SWIFT_ACTIVE_COMPILATION_CONDITIONS = "DEBUG $(inherited)";
				SWIFT_OPTIMIZATION_LEVEL = "-Onone";
			};
			name = Debug;
		};
		AE2B3B822A871EAF00889805 /* Release */ = {
			isa = XCBuildConfiguration;
			buildSettings = {
				ALWAYS_SEARCH_USER_PATHS = NO;
				ASSETCATALOG_COMPILER_GENERATE_SWIFT_ASSET_SYMBOL_EXTENSIONS = YES;
				CLANG_ANALYZER_NONNULL = YES;
				CLANG_ANALYZER_NUMBER_OBJECT_CONVERSION = YES_AGGRESSIVE;
				CLANG_CXX_LANGUAGE_STANDARD = "gnu++20";
				CLANG_ENABLE_MODULES = YES;
				CLANG_ENABLE_OBJC_ARC = YES;
				CLANG_ENABLE_OBJC_WEAK = YES;
				CLANG_WARN_BLOCK_CAPTURE_AUTORELEASING = YES;
				CLANG_WARN_BOOL_CONVERSION = YES;
				CLANG_WARN_COMMA = YES;
				CLANG_WARN_CONSTANT_CONVERSION = YES;
				CLANG_WARN_DEPRECATED_OBJC_IMPLEMENTATIONS = YES;
				CLANG_WARN_DIRECT_OBJC_ISA_USAGE = YES_ERROR;
				CLANG_WARN_DOCUMENTATION_COMMENTS = YES;
				CLANG_WARN_EMPTY_BODY = YES;
				CLANG_WARN_ENUM_CONVERSION = YES;
				CLANG_WARN_INFINITE_RECURSION = YES;
				CLANG_WARN_INT_CONVERSION = YES;
				CLANG_WARN_NON_LITERAL_NULL_CONVERSION = YES;
				CLANG_WARN_OBJC_IMPLICIT_RETAIN_SELF = YES;
				CLANG_WARN_OBJC_LITERAL_CONVERSION = YES;
				CLANG_WARN_OBJC_ROOT_CLASS = YES_ERROR;
				CLANG_WARN_QUOTED_INCLUDE_IN_FRAMEWORK_HEADER = YES;
				CLANG_WARN_RANGE_LOOP_ANALYSIS = YES;
				CLANG_WARN_STRICT_PROTOTYPES = YES;
				CLANG_WARN_SUSPICIOUS_MOVE = YES;
				CLANG_WARN_UNGUARDED_AVAILABILITY = YES_AGGRESSIVE;
				CLANG_WARN_UNREACHABLE_CODE = YES;
				CLANG_WARN__DUPLICATE_METHOD_MATCH = YES;
				COPY_PHASE_STRIP = NO;
				DEBUG_INFORMATION_FORMAT = "dwarf-with-dsym";
				ENABLE_NS_ASSERTIONS = NO;
				ENABLE_STRICT_OBJC_MSGSEND = YES;
				ENABLE_USER_SCRIPT_SANDBOXING = YES;
				GCC_C_LANGUAGE_STANDARD = gnu17;
				GCC_NO_COMMON_BLOCKS = YES;
				GCC_WARN_64_TO_32_BIT_CONVERSION = YES;
				GCC_WARN_ABOUT_RETURN_TYPE = YES_ERROR;
				GCC_WARN_UNDECLARED_SELECTOR = YES;
				GCC_WARN_UNINITIALIZED_AUTOS = YES_AGGRESSIVE;
				GCC_WARN_UNUSED_FUNCTION = YES;
				GCC_WARN_UNUSED_VARIABLE = YES;
				IPHONEOS_DEPLOYMENT_TARGET = 17.0;
				LOCALIZATION_PREFERS_STRING_CATALOGS = YES;
				MTL_ENABLE_DEBUG_INFO = NO;
				MTL_FAST_MATH = YES;
				SDKROOT = iphoneos;
				SWIFT_COMPILATION_MODE = wholemodule;
				VALIDATE_PRODUCT = YES;
			};
			name = Release;
		};
		AE2B3B842A871EAF00889805 /* Debug */ = {
			isa = XCBuildConfiguration;
			buildSettings = {
				ALWAYS_EMBED_SWIFT_STANDARD_LIBRARIES = YES;
				ASSETCATALOG_COMPILER_APPICON_NAME = AppIcon;
				ASSETCATALOG_COMPILER_GLOBAL_ACCENT_COLOR_NAME = AccentColor;
				CODE_SIGN_STYLE = Automatic;
				CURRENT_PROJECT_VERSION = 1;
				DEVELOPMENT_ASSET_PATHS = "\"ShopHub/Preview Content\"";
				DEVELOPMENT_TEAM = N2Q5A93CXS;
				ENABLE_PREVIEWS = YES;
				GENERATE_INFOPLIST_FILE = YES;
				INFOPLIST_FILE = ShopHub/Info.plist;
				INFOPLIST_KEY_LSApplicationCategoryType = "public.app-category.shopping";
				INFOPLIST_KEY_UIApplicationSceneManifest_Generation = YES;
				INFOPLIST_KEY_UIApplicationSupportsIndirectInputEvents = YES;
				INFOPLIST_KEY_UISupportedInterfaceOrientations_iPad = "UIInterfaceOrientationPortrait UIInterfaceOrientationPortraitUpsideDown UIInterfaceOrientationLandscapeLeft UIInterfaceOrientationLandscapeRight";
				INFOPLIST_KEY_UISupportedInterfaceOrientations_iPhone = "UIInterfaceOrientationPortrait UIInterfaceOrientationLandscapeLeft UIInterfaceOrientationLandscapeRight";
				IPHONEOS_DEPLOYMENT_TARGET = 17.0;
				LD_RUNPATH_SEARCH_PATHS = (
					"$(inherited)",
					"@executable_path/Frameworks",
				);
				MARKETING_VERSION = 1.0;
				PRODUCT_BUNDLE_IDENTIFIER = chengtao.ShopHub;
				PRODUCT_NAME = "$(TARGET_NAME)";
				SWIFT_EMIT_LOC_STRINGS = YES;
				SWIFT_VERSION = 5.0;
				TARGETED_DEVICE_FAMILY = "1,2";
			};
			name = Debug;
		};
		AE2B3B852A871EAF00889805 /* Release */ = {
			isa = XCBuildConfiguration;
			buildSettings = {
				ALWAYS_EMBED_SWIFT_STANDARD_LIBRARIES = YES;
				ASSETCATALOG_COMPILER_APPICON_NAME = AppIcon;
				ASSETCATALOG_COMPILER_GLOBAL_ACCENT_COLOR_NAME = AccentColor;
				CODE_SIGN_STYLE = Automatic;
				CURRENT_PROJECT_VERSION = 1;
				DEVELOPMENT_ASSET_PATHS = "\"ShopHub/Preview Content\"";
				DEVELOPMENT_TEAM = N2Q5A93CXS;
				ENABLE_PREVIEWS = YES;
				GENERATE_INFOPLIST_FILE = YES;
				INFOPLIST_FILE = ShopHub/Info.plist;
				INFOPLIST_KEY_LSApplicationCategoryType = "public.app-category.shopping";
				INFOPLIST_KEY_UIApplicationSceneManifest_Generation = YES;
				INFOPLIST_KEY_UIApplicationSupportsIndirectInputEvents = YES;
				INFOPLIST_KEY_UISupportedInterfaceOrientations_iPad = "UIInterfaceOrientationPortrait UIInterfaceOrientationPortraitUpsideDown UIInterfaceOrientationLandscapeLeft UIInterfaceOrientationLandscapeRight";
				INFOPLIST_KEY_UISupportedInterfaceOrientations_iPhone = "UIInterfaceOrientationPortrait UIInterfaceOrientationLandscapeLeft UIInterfaceOrientationLandscapeRight";
				IPHONEOS_DEPLOYMENT_TARGET = 17.0;
				LD_RUNPATH_SEARCH_PATHS = (
					"$(inherited)",
					"@executable_path/Frameworks",
				);
				MARKETING_VERSION = 1.0;
				PRODUCT_BUNDLE_IDENTIFIER = chengtao.ShopHub;
				PRODUCT_NAME = "$(TARGET_NAME)";
				SWIFT_EMIT_LOC_STRINGS = YES;
				SWIFT_VERSION = 5.0;
				TARGETED_DEVICE_FAMILY = "1,2";
			};
			name = Release;
		};
		AEA24E732AB6953C005E5FAA /* Debug */ = {
			isa = XCBuildConfiguration;
			buildSettings = {
				BUNDLE_LOADER = "$(TEST_HOST)";
				CODE_SIGN_STYLE = Automatic;
				CURRENT_PROJECT_VERSION = 1;
				DEVELOPMENT_TEAM = M7639QK8P7;
				GENERATE_INFOPLIST_FILE = YES;
				MARKETING_VERSION = 1.0;
				PRODUCT_BUNDLE_IDENTIFIER = algebra2boy.ShopHubTests;
				PRODUCT_NAME = "$(TARGET_NAME)";
				SWIFT_EMIT_LOC_STRINGS = NO;
				SWIFT_VERSION = 5.0;
				TARGETED_DEVICE_FAMILY = "1,2";
				TEST_HOST = "$(BUILT_PRODUCTS_DIR)/ShopHub.app/$(BUNDLE_EXECUTABLE_FOLDER_PATH)/ShopHub";
			};
			name = Debug;
		};
		AEA24E742AB6953C005E5FAA /* Release */ = {
			isa = XCBuildConfiguration;
			buildSettings = {
				BUNDLE_LOADER = "$(TEST_HOST)";
				CODE_SIGN_STYLE = Automatic;
				CURRENT_PROJECT_VERSION = 1;
				DEVELOPMENT_TEAM = M7639QK8P7;
				GENERATE_INFOPLIST_FILE = YES;
				MARKETING_VERSION = 1.0;
				PRODUCT_BUNDLE_IDENTIFIER = algebra2boy.ShopHubTests;
				PRODUCT_NAME = "$(TARGET_NAME)";
				SWIFT_EMIT_LOC_STRINGS = NO;
				SWIFT_VERSION = 5.0;
				TARGETED_DEVICE_FAMILY = "1,2";
				TEST_HOST = "$(BUILT_PRODUCTS_DIR)/ShopHub.app/$(BUNDLE_EXECUTABLE_FOLDER_PATH)/ShopHub";
			};
			name = Release;
		};
/* End XCBuildConfiguration section */

/* Begin XCConfigurationList section */
		420AB8DF2B152FD500631336 /* Build configuration list for PBXNativeTarget "ShopHubWidgetExtension" */ = {
			isa = XCConfigurationList;
			buildConfigurations = (
				420AB8DD2B152FD500631336 /* Debug */,
				420AB8DE2B152FD500631336 /* Release */,
			);
			defaultConfigurationIsVisible = 0;
			defaultConfigurationName = Release;
		};
		AE2B3B702A871EAD00889805 /* Build configuration list for PBXProject "ShopHub" */ = {
			isa = XCConfigurationList;
			buildConfigurations = (
				AE2B3B812A871EAF00889805 /* Debug */,
				AE2B3B822A871EAF00889805 /* Release */,
			);
			defaultConfigurationIsVisible = 0;
			defaultConfigurationName = Release;
		};
		AE2B3B832A871EAF00889805 /* Build configuration list for PBXNativeTarget "ShopHub" */ = {
			isa = XCConfigurationList;
			buildConfigurations = (
				AE2B3B842A871EAF00889805 /* Debug */,
				AE2B3B852A871EAF00889805 /* Release */,
			);
			defaultConfigurationIsVisible = 0;
			defaultConfigurationName = Release;
		};
		AEA24E752AB6953C005E5FAA /* Build configuration list for PBXNativeTarget "ShopHubTests" */ = {
			isa = XCConfigurationList;
			buildConfigurations = (
				AEA24E732AB6953C005E5FAA /* Debug */,
				AEA24E742AB6953C005E5FAA /* Release */,
			);
			defaultConfigurationIsVisible = 0;
			defaultConfigurationName = Release;
		};
/* End XCConfigurationList section */

/* Begin XCRemoteSwiftPackageReference section */
		42BD095E2B03317F000D72EA /* XCRemoteSwiftPackageReference "Auth0" */ = {
			isa = XCRemoteSwiftPackageReference;
			repositoryURL = "https://github.com/auth0/Auth0.swift";
			requirement = {
				kind = upToNextMajorVersion;
				minimumVersion = 2.5.0;
			};
		};
/* End XCRemoteSwiftPackageReference section */

/* Begin XCSwiftPackageProductDependency section */
		42BD095F2B03317F000D72EA /* Auth0 */ = {
			isa = XCSwiftPackageProductDependency;
			package = 42BD095E2B03317F000D72EA /* XCRemoteSwiftPackageReference "Auth0" */;
			productName = Auth0;
		};
/* End XCSwiftPackageProductDependency section */
	};
	rootObject = AE2B3B6D2A871EAD00889805 /* Project object */;
}
